// !$*UTF8*$!
{
	archiveVersion = 1;
	classes = {
	};
	objectVersion = 56;
	objects = {

/* Begin PBXBuildFile section */
		A10001 /* ScreenTimeControlApp.swift in Sources */ = {isa = PBXBuildFile; fileRef = B10001; };
		A10002 /* ScreenTimeSettings.swift in Sources */ = {isa = PBXBuildFile; fileRef = B10002; };
		A10003 /* DeviceInfo.swift in Sources */ = {isa = PBXBuildFile; fileRef = B10003; };
		A10004 /* AuthorizationManager.swift in Sources */ = {isa = PBXBuildFile; fileRef = B10004; };
		A10005 /* ScreenTimeSettingsManager.swift in Sources */ = {isa = PBXBuildFile; fileRef = B10005; };
		A10006 /* RemoteSyncService.swift in Sources */ = {isa = PBXBuildFile; fileRef = B10006; };
		A10007 /* AuthorizationView.swift in Sources */ = {isa = PBXBuildFile; fileRef = B10007; };
		A10008 /* MainTabView.swift in Sources */ = {isa = PBXBuildFile; fileRef = B10008; };
		A10009 /* DashboardView.swift in Sources */ = {isa = PBXBuildFile; fileRef = B10009; };
		A10010 /* AppBlockingView.swift in Sources */ = {isa = PBXBuildFile; fileRef = B10010; };
		A10011 /* ScheduleView.swift in Sources */ = {isa = PBXBuildFile; fileRef = B10011; };
		A10012 /* RemoteControlView.swift in Sources */ = {isa = PBXBuildFile; fileRef = B10012; };
		A10013 /* SettingsView.swift in Sources */ = {isa = PBXBuildFile; fileRef = B10013; };
		A10014 /* Assets.xcassets in Resources */ = {isa = PBXBuildFile; fileRef = B10014; };
		A20001 /* DeviceActivityMonitorExtension.swift in Sources */ = {isa = PBXBuildFile; fileRef = B20001; };
		A30001 /* ShieldConfigurationExtension.swift in Sources */ = {isa = PBXBuildFile; fileRef = B30001; };
		A40001 /* DeviceActivityMonitor.appex in Embed Extensions */ = {isa = PBXBuildFile; fileRef = C20000; settings = {ATTRIBUTES = (RemoveHeadersOnCopy, ); }; };
		A40002 /* ShieldConfiguration.appex in Embed Extensions */ = {isa = PBXBuildFile; fileRef = C30000; settings = {ATTRIBUTES = (RemoveHeadersOnCopy, ); }; };
/* End PBXBuildFile section */

/* Begin PBXContainerItemProxy section */
		D20001 /* PBXContainerItemProxy */ = {
			isa = PBXContainerItemProxy;
			containerPortal = E10000;
			proxyType = 1;
			remoteGlobalIDString = C20000;
			remoteInfo = DeviceActivityMonitor;
		};
		D30001 /* PBXContainerItemProxy */ = {
			isa = PBXContainerItemProxy;
			containerPortal = E10000;
			proxyType = 1;
			remoteGlobalIDString = C30000;
			remoteInfo = ShieldConfiguration;
		};
/* End PBXContainerItemProxy section */

/* Begin PBXCopyFilesBuildPhase section */
		F10001 /* Embed Extensions */ = {
			isa = PBXCopyFilesBuildPhase;
			buildActionMask = 2147483647;
			dstPath = "";
			dstSubfolderSpec = 13;
			files = (
				A40001,
				A40002,
			);
			name = "Embed Extensions";
			runOnlyForDeploymentPostprocessing = 0;
		};
/* End PBXCopyFilesBuildPhase section */

/* Begin PBXFileReference section */
		B10001 /* ScreenTimeControlApp.swift */ = {isa = PBXFileReference; lastKnownFileType = sourcecode.swift; path = ScreenTimeControlApp.swift; sourceTree = "<group>"; };
		B10002 /* ScreenTimeSettings.swift */ = {isa = PBXFileReference; lastKnownFileType = sourcecode.swift; path = ScreenTimeSettings.swift; sourceTree = "<group>"; };
		B10003 /* DeviceInfo.swift */ = {isa = PBXFileReference; lastKnownFileType = sourcecode.swift; path = DeviceInfo.swift; sourceTree = "<group>"; };
		B10004 /* AuthorizationManager.swift */ = {isa = PBXFileReference; lastKnownFileType = sourcecode.swift; path = AuthorizationManager.swift; sourceTree = "<group>"; };
		B10005 /* ScreenTimeSettingsManager.swift */ = {isa = PBXFileReference; lastKnownFileType = sourcecode.swift; path = ScreenTimeSettingsManager.swift; sourceTree = "<group>"; };
		B10006 /* RemoteSyncService.swift */ = {isa = PBXFileReference; lastKnownFileType = sourcecode.swift; path = RemoteSyncService.swift; sourceTree = "<group>"; };
		B10007 /* AuthorizationView.swift */ = {isa = PBXFileReference; lastKnownFileType = sourcecode.swift; path = AuthorizationView.swift; sourceTree = "<group>"; };
		B10008 /* MainTabView.swift */ = {isa = PBXFileReference; lastKnownFileType = sourcecode.swift; path = MainTabView.swift; sourceTree = "<group>"; };
		B10009 /* DashboardView.swift */ = {isa = PBXFileReference; lastKnownFileType = sourcecode.swift; path = DashboardView.swift; sourceTree = "<group>"; };
		B10010 /* AppBlockingView.swift */ = {isa = PBXFileReference; lastKnownFileType = sourcecode.swift; path = AppBlockingView.swift; sourceTree = "<group>"; };
		B10011 /* ScheduleView.swift */ = {isa = PBXFileReference; lastKnownFileType = sourcecode.swift; path = ScheduleView.swift; sourceTree = "<group>"; };
		B10012 /* RemoteControlView.swift */ = {isa = PBXFileReference; lastKnownFileType = sourcecode.swift; path = RemoteControlView.swift; sourceTree = "<group>"; };
		B10013 /* SettingsView.swift */ = {isa = PBXFileReference; lastKnownFileType = sourcecode.swift; path = SettingsView.swift; sourceTree = "<group>"; };
		B10014 /* Assets.xcassets */ = {isa = PBXFileReference; lastKnownFileType = folder.assetcatalog; path = Assets.xcassets; sourceTree = "<group>"; };
		B10015 /* Info.plist */ = {isa = PBXFileReference; lastKnownFileType = text.plist.xml; path = Info.plist; sourceTree = "<group>"; };
		B10016 /* ScreenTimeControl.entitlements */ = {isa = PBXFileReference; lastKnownFileType = text.plist.entitlements; path = ScreenTimeControl.entitlements; sourceTree = "<group>"; };
		B20001 /* DeviceActivityMonitorExtension.swift */ = {isa = PBXFileReference; lastKnownFileType = sourcecode.swift; path = DeviceActivityMonitorExtension.swift; sourceTree = "<group>"; };
		B20002 /* Info.plist */ = {isa = PBXFileReference; lastKnownFileType = text.plist.xml; path = Info.plist; sourceTree = "<group>"; };
		B30001 /* ShieldConfigurationExtension.swift */ = {isa = PBXFileReference; lastKnownFileType = sourcecode.swift; path = ShieldConfigurationExtension.swift; sourceTree = "<group>"; };
		B30002 /* Info.plist */ = {isa = PBXFileReference; lastKnownFileType = text.plist.xml; path = Info.plist; sourceTree = "<group>"; };
		C10000 /* ScreenTimeControl.app */ = {isa = PBXFileReference; explicitFileType = wrapper.application; includeInIndex = 0; path = ScreenTimeControl.app; sourceTree = BUILT_PRODUCTS_DIR; };
		C20000 /* DeviceActivityMonitor.appex */ = {isa = PBXFileReference; explicitFileType = "wrapper.app-extension"; includeInIndex = 0; path = DeviceActivityMonitor.appex; sourceTree = BUILT_PRODUCTS_DIR; };
		C30000 /* ShieldConfiguration.appex */ = {isa = PBXFileReference; explicitFileType = "wrapper.app-extension"; includeInIndex = 0; path = ShieldConfiguration.appex; sourceTree = BUILT_PRODUCTS_DIR; };
/* End PBXFileReference section */

/* Begin PBXFrameworksBuildPhase section */
		F20001 /* Frameworks */ = {
			isa = PBXFrameworksBuildPhase;
			buildActionMask = 2147483647;
			files = (
			);
			runOnlyForDeploymentPostprocessing = 0;
		};
		F20002 /* Frameworks */ = {
			isa = PBXFrameworksBuildPhase;
			buildActionMask = 2147483647;
			files = (
			);
			runOnlyForDeploymentPostprocessing = 0;
		};
		F20003 /* Frameworks */ = {
			isa = PBXFrameworksBuildPhase;
			buildActionMask = 2147483647;
			files = (
			);
			runOnlyForDeploymentPostprocessing = 0;
		};
/* End PBXFrameworksBuildPhase section */

/* Begin PBXGroup section */
		G10000 = {
			isa = PBXGroup;
			children = (
				G10001 /* ScreenTimeControl */,
				G20000 /* DeviceActivityMonitor */,
				G30000 /* ShieldConfiguration */,
				G40000 /* Products */,
			);
			sourceTree = "<group>";
		};
		G10001 /* ScreenTimeControl */ = {
			isa = PBXGroup;
			children = (
				G10002 /* App */,
				G10003 /* Models */,
				G10004 /* Services */,
				G10005 /* Views */,
				G10009 /* Extensions */,
				B10014 /* Assets.xcassets */,
				B10015 /* Info.plist */,
				B10016 /* ScreenTimeControl.entitlements */,
			);
			path = ScreenTimeControl;
			sourceTree = "<group>";
		};
		G10002 /* App */ = {
			isa = PBXGroup;
			children = (
				B10001 /* ScreenTimeControlApp.swift */,
			);
			path = App;
			sourceTree = "<group>";
		};
		G10003 /* Models */ = {
			isa = PBXGroup;
			children = (
				B10002 /* ScreenTimeSettings.swift */,
				B10003 /* DeviceInfo.swift */,
			);
			path = Models;
			sourceTree = "<group>";
		};
		G10004 /* Services */ = {
			isa = PBXGroup;
			children = (
				B10004 /* AuthorizationManager.swift */,
				B10005 /* ScreenTimeSettingsManager.swift */,
				B10006 /* RemoteSyncService.swift */,
			);
			path = Services;
			sourceTree = "<group>";
		};
		G10005 /* Views */ = {
			isa = PBXGroup;
			children = (
				B10007 /* AuthorizationView.swift */,
				B10008 /* MainTabView.swift */,
				G10006 /* Dashboard */,
				G10007 /* AppPicker */,
				G10008 /* Schedule */,
				G10010 /* Settings */,
			);
			path = Views;
			sourceTree = "<group>";
		};
		G10006 /* Dashboard */ = {
			isa = PBXGroup;
			children = (
				B10009 /* DashboardView.swift */,
			);
			path = Dashboard;
			sourceTree = "<group>";
		};
		G10007 /* AppPicker */ = {
			isa = PBXGroup;
			children = (
				B10010 /* AppBlockingView.swift */,
			);
			path = AppPicker;
			sourceTree = "<group>";
		};
		G10008 /* Schedule */ = {
			isa = PBXGroup;
			children = (
				B10011 /* ScheduleView.swift */,
			);
			path = Schedule;
			sourceTree = "<group>";
		};
		G10009 /* Extensions */ = {
			isa = PBXGroup;
			children = (
			);
			path = Extensions;
			sourceTree = "<group>";
		};
		G10010 /* Settings */ = {
			isa = PBXGroup;
			children = (
				B10012 /* RemoteControlView.swift */,
				B10013 /* SettingsView.swift */,
			);
			path = Settings;
			sourceTree = "<group>";
		};
		G20000 /* DeviceActivityMonitor */ = {
			isa = PBXGroup;
			children = (
				B20001 /* DeviceActivityMonitorExtension.swift */,
				B20002 /* Info.plist */,
			);
			path = DeviceActivityMonitor;
			sourceTree = "<group>";
		};
		G30000 /* ShieldConfiguration */ = {
			isa = PBXGroup;
			children = (
				B30001 /* ShieldConfigurationExtension.swift */,
				B30002 /* Info.plist */,
			);
			path = ShieldConfiguration;
			sourceTree = "<group>";
		};
		G40000 /* Products */ = {
			isa = PBXGroup;
			children = (
				C10000 /* ScreenTimeControl.app */,
				C20000 /* DeviceActivityMonitor.appex */,
				C30000 /* ShieldConfiguration.appex */,
			);
			name = Products;
			sourceTree = "<group>";
		};
/* End PBXGroup section */

/* Begin PBXNativeTarget section */
		T10000 /* ScreenTimeControl */ = {
			isa = PBXNativeTarget;
			buildConfigurationList = X10000;
			buildPhases = (
				S10000 /* Sources */,
				F20001 /* Frameworks */,
				R10000 /* Resources */,
				F10001 /* Embed Extensions */,
			);
			buildRules = (
			);
			dependencies = (
				D20001,
				D30001,
			);
			name = ScreenTimeControl;
			productName = ScreenTimeControl;
			productReference = C10000;
			productType = "com.apple.product-type.application";
		};
		T20000 /* DeviceActivityMonitor */ = {
			isa = PBXNativeTarget;
			buildConfigurationList = X20000;
			buildPhases = (
				S20000 /* Sources */,
				F20002 /* Frameworks */,
			);
			buildRules = (
			);
			dependencies = (
			);
			name = DeviceActivityMonitor;
			productName = DeviceActivityMonitor;
			productReference = C20000;
			productType = "com.apple.product-type.app-extension";
		};
		T30000 /* ShieldConfiguration */ = {
			isa = PBXNativeTarget;
			buildConfigurationList = X30000;
			buildPhases = (
				S30000 /* Sources */,
				F20003 /* Frameworks */,
			);
			buildRules = (
			);
			dependencies = (
			);
			name = ShieldConfiguration;
			productName = ShieldConfiguration;
			productReference = C30000;
			productType = "com.apple.product-type.app-extension";
		};
/* End PBXNativeTarget section */

/* Begin PBXProject section */
		E10000 /* Project object */ = {
			isa = PBXProject;
			attributes = {
				BuildIndependentTargetsInParallel = 1;
				LastSwiftUpdateCheck = 1500;
				LastUpgradeCheck = 1500;
				TargetAttributes = {
					T10000 = {
						CreatedOnToolsVersion = 15.0;
					};
					T20000 = {
						CreatedOnToolsVersion = 15.0;
					};
					T30000 = {
						CreatedOnToolsVersion = 15.0;
					};
				};
			};
			buildConfigurationList = X00000;
			compatibilityVersion = "Xcode 14.0";
			developmentRegion = en;
			hasScannedForEncodings = 0;
			knownRegions = (
				en,
				Base,
			);
			mainGroup = G10000;
			productRefGroup = G40000;
			projectDirPath = "";
			projectRoot = "";
			targets = (
				T10000 /* ScreenTimeControl */,
				T20000 /* DeviceActivityMonitor */,
				T30000 /* ShieldConfiguration */,
			);
		};
/* End PBXProject section */

/* Begin PBXResourcesBuildPhase section */
		R10000 /* Resources */ = {
			isa = PBXResourcesBuildPhase;
			buildActionMask = 2147483647;
			files = (
				A10014 /* Assets.xcassets in Resources */,
			);
			runOnlyForDeploymentPostprocessing = 0;
		};
/* End PBXResourcesBuildPhase section */

/* Begin PBXSourcesBuildPhase section */
		S10000 /* Sources */ = {
			isa = PBXSourcesBuildPhase;
			buildActionMask = 2147483647;
			files = (
				A10001,
				A10002,
				A10003,
				A10004,
				A10005,
				A10006,
				A10007,
				A10008,
				A10009,
				A10010,
				A10011,
				A10012,
				A10013,
			);
			runOnlyForDeploymentPostprocessing = 0;
		};
		S20000 /* Sources */ = {
			isa = PBXSourcesBuildPhase;
			buildActionMask = 2147483647;
			files = (
				A20001,
			);
			runOnlyForDeploymentPostprocessing = 0;
		};
		S30000 /* Sources */ = {
			isa = PBXSourcesBuildPhase;
			buildActionMask = 2147483647;
			files = (
				A30001,
			);
			runOnlyForDeploymentPostprocessing = 0;
		};
/* End PBXSourcesBuildPhase section */

/* Begin PBXTargetDependency section */
		D20001 /* PBXTargetDependency */ = {
			isa = PBXTargetDependency;
			target = T20000;
			targetProxy = D20001;
		};
		D30001 /* PBXTargetDependency */ = {
			isa = PBXTargetDependency;
			target = T30000;
			targetProxy = D30001;
		};
/* End PBXTargetDependency section */

/* Begin XCBuildConfiguration section */
		/* Project-level Debug */
		XC0001 /* Debug */ = {
			isa = XCBuildConfiguration;
			buildSettings = {
				ALWAYS_SEARCH_USER_PATHS = NO;
				ASSETCATALOG_COMPILER_GENERATE_SWIFT_ASSET_SYMBOL_EXTENSIONS = YES;
				CLANG_ANALYZER_NONNULL = YES;
				CLANG_CXX_LANGUAGE_STANDARD = "gnu++20";
				CLANG_ENABLE_MODULES = YES;
				CLANG_ENABLE_OBJC_ARC = YES;
				COPY_PHASE_STRIP = NO;
				DEBUG_INFORMATION_FORMAT = dwarf;
				ENABLE_STRICT_OBJC_MSGSEND = YES;
				ENABLE_TESTABILITY = YES;
				GCC_DYNAMIC_NO_PIC = NO;
				GCC_OPTIMIZATION_LEVEL = 0;
				GCC_PREPROCESSOR_DEFINITIONS = (
					"DEBUG=1",
					"$(inherited)",
				);
				GCC_WARN_64_TO_32_BIT_CONVERSION = YES;
				GCC_WARN_ABOUT_RETURN_TYPE = YES_ERROR;
				GCC_WARN_UNINITIALIZED_AUTOS = YES_AGGRESSIVE;
				GCC_WARN_UNUSED_FUNCTION = YES;
				GCC_WARN_UNUSED_VARIABLE = YES;
				IPHONEOS_DEPLOYMENT_TARGET = 16.0;
				MTL_ENABLE_DEBUG_INFO = INCLUDE_SOURCE;
				MTL_FAST_MATH = YES;
				ONLY_ACTIVE_ARCH = YES;
				SDKROOT = iphoneos;
				SWIFT_ACTIVE_COMPILATION_CONDITIONS = "DEBUG $(inherited)";
				SWIFT_OPTIMIZATION_LEVEL = "-Onone";
				SWIFT_VERSION = 5.0;
			};
			name = Debug;
		};
		/* Project-level Release */
		XC0002 /* Release */ = {
			isa = XCBuildConfiguration;
			buildSettings = {
				ALWAYS_SEARCH_USER_PATHS = NO;
				ASSETCATALOG_COMPILER_GENERATE_SWIFT_ASSET_SYMBOL_EXTENSIONS = YES;
				CLANG_ANALYZER_NONNULL = YES;
				CLANG_CXX_LANGUAGE_STANDARD = "gnu++20";
				CLANG_ENABLE_MODULES = YES;
				CLANG_ENABLE_OBJC_ARC = YES;
				COPY_PHASE_STRIP = NO;
				DEBUG_INFORMATION_FORMAT = "dwarf-with-dsym";
				ENABLE_NS_ASSERTIONS = NO;
				ENABLE_STRICT_OBJC_MSGSEND = YES;
				GCC_WARN_64_TO_32_BIT_CONVERSION = YES;
				GCC_WARN_ABOUT_RETURN_TYPE = YES_ERROR;
				GCC_WARN_UNINITIALIZED_AUTOS = YES_AGGRESSIVE;
				GCC_WARN_UNUSED_FUNCTION = YES;
				GCC_WARN_UNUSED_VARIABLE = YES;
				IPHONEOS_DEPLOYMENT_TARGET = 16.0;
				MTL_ENABLE_DEBUG_INFO = NO;
				MTL_FAST_MATH = YES;
				SDKROOT = iphoneos;
				SWIFT_COMPILATION_MODE = wholemodule;
				SWIFT_VERSION = 5.0;
				VALIDATE_PRODUCT = YES;
			};
			name = Release;
		};
		/* App Target Debug */
		XC1001 /* Debug */ = {
			isa = XCBuildConfiguration;
			buildSettings = {
				ASSETCATALOG_COMPILER_APPICON_NAME = AppIcon;
				ASSETCATALOG_COMPILER_GLOBAL_ACCENT_COLOR_NAME = AccentColor;
				CODE_SIGN_ENTITLEMENTS = ScreenTimeControl/ScreenTimeControl.entitlements;
				CODE_SIGN_STYLE = Automatic;
				CURRENT_PROJECT_VERSION = 1;
				GENERATE_INFOPLIST_FILE = NO;
				INFOPLIST_FILE = ScreenTimeControl/Info.plist;
				INFOPLIST_KEY_UIApplicationSceneManifest_Generation = YES;
				INFOPLIST_KEY_UIApplicationSupportsIndirectInputEvents = YES;
				INFOPLIST_KEY_UILaunchScreen_Generation = YES;
				INFOPLIST_KEY_UISupportedInterfaceOrientations = UIInterfaceOrientationPortrait;
				LD_RUNPATH_SEARCH_PATHS = (
					"$(inherited)",
					"@executable_path/Frameworks",
				);
				MARKETING_VERSION = 1.0;
				PRODUCT_BUNDLE_IDENTIFIER = com.screentime.control;
				PRODUCT_NAME = "$(TARGET_NAME)";
				SWIFT_EMIT_LOC_STRINGS = YES;
				TARGETED_DEVICE_FAMILY = "1";
			};
			name = Debug;
		};
		/* App Target Release */
		XC1002 /* Release */ = {
			isa = XCBuildConfiguration;
			buildSettings = {
				ASSETCATALOG_COMPILER_APPICON_NAME = AppIcon;
				ASSETCATALOG_COMPILER_GLOBAL_ACCENT_COLOR_NAME = AccentColor;
				CODE_SIGN_ENTITLEMENTS = ScreenTimeControl/ScreenTimeControl.entitlements;
				CODE_SIGN_STYLE = Automatic;
				CURRENT_PROJECT_VERSION = 1;
				GENERATE_INFOPLIST_FILE = NO;
				INFOPLIST_FILE = ScreenTimeControl/Info.plist;
				INFOPLIST_KEY_UIApplicationSceneManifest_Generation = YES;
				INFOPLIST_KEY_UIApplicationSupportsIndirectInputEvents = YES;
				INFOPLIST_KEY_UILaunchScreen_Generation = YES;
				INFOPLIST_KEY_UISupportedInterfaceOrientations = UIInterfaceOrientationPortrait;
				LD_RUNPATH_SEARCH_PATHS = (
					"$(inherited)",
					"@executable_path/Frameworks",
				);
				MARKETING_VERSION = 1.0;
				PRODUCT_BUNDLE_IDENTIFIER = com.screentime.control;
				PRODUCT_NAME = "$(TARGET_NAME)";
				SWIFT_EMIT_LOC_STRINGS = YES;
				TARGETED_DEVICE_FAMILY = "1";
			};
			name = Release;
		};
		/* DeviceActivityMonitor Debug */
		XC2001 /* Debug */ = {
			isa = XCBuildConfiguration;
			buildSettings = {
				CODE_SIGN_STYLE = Automatic;
				CURRENT_PROJECT_VERSION = 1;
				GENERATE_INFOPLIST_FILE = NO;
				INFOPLIST_FILE = DeviceActivityMonitor/Info.plist;
				LD_RUNPATH_SEARCH_PATHS = (
					"$(inherited)",
					"@executable_path/Frameworks",
					"@executable_path/../../Frameworks",
				);
				MARKETING_VERSION = 1.0;
				PRODUCT_BUNDLE_IDENTIFIER = com.screentime.control.activity-monitor;
				PRODUCT_NAME = "$(TARGET_NAME)";
				SKIP_INSTALL = YES;
				SWIFT_EMIT_LOC_STRINGS = YES;
				TARGETED_DEVICE_FAMILY = "1";
			};
			name = Debug;
		};
		/* DeviceActivityMonitor Release */
		XC2002 /* Release */ = {
			isa = XCBuildConfiguration;
			buildSettings = {
				CODE_SIGN_STYLE = Automatic;
				CURRENT_PROJECT_VERSION = 1;
				GENERATE_INFOPLIST_FILE = NO;
				INFOPLIST_FILE = DeviceActivityMonitor/Info.plist;
				LD_RUNPATH_SEARCH_PATHS = (
					"$(inherited)",
					"@executable_path/Frameworks",
					"@executable_path/../../Frameworks",
				);
				MARKETING_VERSION = 1.0;
				PRODUCT_BUNDLE_IDENTIFIER = com.screentime.control.activity-monitor;
				PRODUCT_NAME = "$(TARGET_NAME)";
				SKIP_INSTALL = YES;
				SWIFT_EMIT_LOC_STRINGS = YES;
				TARGETED_DEVICE_FAMILY = "1";
			};
			name = Release;
		};
		/* ShieldConfiguration Debug */
		XC3001 /* Debug */ = {
			isa = XCBuildConfiguration;
			buildSettings = {
				CODE_SIGN_STYLE = Automatic;
				CURRENT_PROJECT_VERSION = 1;
				GENERATE_INFOPLIST_FILE = NO;
				INFOPLIST_FILE = ShieldConfiguration/Info.plist;
				LD_RUNPATH_SEARCH_PATHS = (
					"$(inherited)",
					"@executable_path/Frameworks",
					"@executable_path/../../Frameworks",
				);
				MARKETING_VERSION = 1.0;
				PRODUCT_BUNDLE_IDENTIFIER = com.screentime.control.shield-config;
				PRODUCT_NAME = "$(TARGET_NAME)";
				SKIP_INSTALL = YES;
				SWIFT_EMIT_LOC_STRINGS = YES;
				TARGETED_DEVICE_FAMILY = "1";
			};
			name = Debug;
		};
		/* ShieldConfiguration Release */
		XC3002 /* Release */ = {
			isa = XCBuildConfiguration;
			buildSettings = {
				CODE_SIGN_STYLE = Automatic;
				CURRENT_PROJECT_VERSION = 1;
				GENERATE_INFOPLIST_FILE = NO;
				INFOPLIST_FILE = ShieldConfiguration/Info.plist;
				LD_RUNPATH_SEARCH_PATHS = (
					"$(inherited)",
					"@executable_path/Frameworks",
					"@executable_path/../../Frameworks",
				);
				MARKETING_VERSION = 1.0;
				PRODUCT_BUNDLE_IDENTIFIER = com.screentime.control.shield-config;
				PRODUCT_NAME = "$(TARGET_NAME)";
				SKIP_INSTALL = YES;
				SWIFT_EMIT_LOC_STRINGS = YES;
				TARGETED_DEVICE_FAMILY = "1";
			};
			name = Release;
		};
/* End XCBuildConfiguration section */

/* Begin XCConfigurationList section */
		X00000 /* Build configuration list for PBXProject */ = {
			isa = XCConfigurationList;
			buildConfigurations = (
				XC0001 /* Debug */,
				XC0002 /* Release */,
			);
			defaultConfigurationIsVisible = 0;
			defaultConfigurationName = Release;
		};
		X10000 /* Build configuration list for ScreenTimeControl */ = {
			isa = XCConfigurationList;
			buildConfigurations = (
				XC1001 /* Debug */,
				XC1002 /* Release */,
			);
			defaultConfigurationIsVisible = 0;
			defaultConfigurationName = Release;
		};
		X20000 /* Build configuration list for DeviceActivityMonitor */ = {
			isa = XCConfigurationList;
			buildConfigurations = (
				XC2001 /* Debug */,
				XC2002 /* Release */,
			);
			defaultConfigurationIsVisible = 0;
			defaultConfigurationName = Release;
		};
		X30000 /* Build configuration list for ShieldConfiguration */ = {
			isa = XCConfigurationList;
			buildConfigurations = (
				XC3001 /* Debug */,
				XC3002 /* Release */,
			);
			defaultConfigurationIsVisible = 0;
			defaultConfigurationName = Release;
		};
/* End XCConfigurationList section */

	};
	rootObject = E10000 /* Project object */;
}
