// !$*UTF8*$!
{
	archiveVersion = 1;
	classes = {
	};
	objectVersion = 70;
	objects = {

/* Begin PBXBuildFile section */
		A10001 /* ScreenTimeControlApp.swift in Sources */ = {isa = PBXBuildFile; fileRef = B10001 /* ScreenTimeControlApp.swift */; };
		A10002 /* TypeAliases.swift in Sources */ = {isa = PBXBuildFile; fileRef = B10002 /* TypeAliases.swift */; };
		A10003 /* ScreenTimeSettings.swift in Sources */ = {isa = PBXBuildFile; fileRef = B10003 /* ScreenTimeSettings.swift */; };
		A10004 /* DeviceInfo.swift in Sources */ = {isa = PBXBuildFile; fileRef = B10004 /* DeviceInfo.swift */; };
		A10005 /* AuthorizationManager.swift in Sources */ = {isa = PBXBuildFile; fileRef = B10005 /* AuthorizationManager.swift */; };
		A10006 /* ScreenTimeSettingsManager.swift in Sources */ = {isa = PBXBuildFile; fileRef = B10006 /* ScreenTimeSettingsManager.swift */; };
		A10007 /* RemoteSyncService.swift in Sources */ = {isa = PBXBuildFile; fileRef = B10007 /* RemoteSyncService.swift */; };
		A10041 /* GoogleService-Info.plist in Resources */ = {isa = PBXBuildFile; fileRef = B10041 /* GoogleService-Info.plist */; };
		A10040 /* ContentBlockerService.swift in Sources */ = {isa = PBXBuildFile; fileRef = B10040 /* ContentBlockerService.swift */; };
		A10008 /* MockScreenTimeManager.swift in Sources */ = {isa = PBXBuildFile; fileRef = B10008 /* MockScreenTimeManager.swift */; };
		A10009 /* SharedDefaults.swift in Sources */ = {isa = PBXBuildFile; fileRef = B10009 /* SharedDefaults.swift */; };
		A10010 /* Constants.swift in Sources */ = {isa = PBXBuildFile; fileRef = B10010 /* Constants.swift */; };
		A10011 /* AuthorizationView.swift in Sources */ = {isa = PBXBuildFile; fileRef = B10011 /* AuthorizationView.swift */; };
		A10012 /* MainTabView.swift in Sources */ = {isa = PBXBuildFile; fileRef = B10012 /* MainTabView.swift */; };
		A10013 /* DashboardView.swift in Sources */ = {isa = PBXBuildFile; fileRef = B10013 /* DashboardView.swift */; };
		A10014 /* AppBlockingView.swift in Sources */ = {isa = PBXBuildFile; fileRef = B10014 /* AppBlockingView.swift */; };
		A10015 /* ScheduleView.swift in Sources */ = {isa = PBXBuildFile; fileRef = B10015 /* ScheduleView.swift */; };
		A10016 /* RemoteControlView.swift in Sources */ = {isa = PBXBuildFile; fileRef = B10016 /* RemoteControlView.swift */; };
		A10017 /* SettingsView.swift in Sources */ = {isa = PBXBuildFile; fileRef = B10017 /* SettingsView.swift */; };
		A10018 /* Assets.xcassets in Resources */ = {isa = PBXBuildFile; fileRef = B10018 /* Assets.xcassets */; };
		A10022 /* FirebaseAuthService.swift in Sources */ = {isa = PBXBuildFile; fileRef = B10022 /* FirebaseAuthService.swift */; };
		A10023 /* LoginView.swift in Sources */ = {isa = PBXBuildFile; fileRef = B10023 /* LoginView.swift */; };
		A10024 /* AdminDashboardView.swift in Sources */ = {isa = PBXBuildFile; fileRef = B10024 /* AdminDashboardView.swift */; };
		A10030 /* ChildDeviceView.swift in Sources */ = {isa = PBXBuildFile; fileRef = B10030 /* ChildDeviceView.swift */; };
		BDCBC9AA2F82C08C000E9E56 /* BSAFEContentBlocker.appex in Embed Extensions */ = {isa = PBXBuildFile; fileRef = BDCBC9A12F82C08B000E9E56 /* BSAFEContentBlocker.appex */; settings = {ATTRIBUTES = (RemoveHeadersOnCopy, ); }; };
/* End PBXBuildFile section */

/* Begin PBXContainerItemProxy section */
		BDCBC9A82F82C08C000E9E56 /* PBXContainerItemProxy */ = {
			isa = PBXContainerItemProxy;
			containerPortal = E10000 /* Project object */;
			proxyType = 1;
			remoteGlobalIDString = BDCBC9A02F82C08B000E9E56;
			remoteInfo = BSAFEContentBlocker;
		};
/* End PBXContainerItemProxy section */

/* Begin PBXCopyFilesBuildPhase section */
		F10001 /* Embed Extensions */ = {
			isa = PBXCopyFilesBuildPhase;
			buildActionMask = 2147483647;
			dstPath = "";
			dstSubfolderSpec = 13;
			files = (
				BDCBC9AA2F82C08C000E9E56 /* BSAFEContentBlocker.appex in Embed Extensions */,
			);
			name = "Embed Extensions";
			runOnlyForDeploymentPostprocessing = 0;
		};
/* End PBXCopyFilesBuildPhase section */

/* Begin PBXFileReference section */
		B10001 /* ScreenTimeControlApp.swift */ = {isa = PBXFileReference; lastKnownFileType = sourcecode.swift; path = ScreenTimeControlApp.swift; sourceTree = "<group>"; };
		B10002 /* TypeAliases.swift */ = {isa = PBXFileReference; lastKnownFileType = sourcecode.swift; path = TypeAliases.swift; sourceTree = "<group>"; };
		B10003 /* ScreenTimeSettings.swift */ = {isa = PBXFileReference; lastKnownFileType = sourcecode.swift; path = ScreenTimeSettings.swift; sourceTree = "<group>"; };
		B10004 /* DeviceInfo.swift */ = {isa = PBXFileReference; lastKnownFileType = sourcecode.swift; path = DeviceInfo.swift; sourceTree = "<group>"; };
		B10005 /* AuthorizationManager.swift */ = {isa = PBXFileReference; lastKnownFileType = sourcecode.swift; path = AuthorizationManager.swift; sourceTree = "<group>"; };
		B10006 /* ScreenTimeSettingsManager.swift */ = {isa = PBXFileReference; lastKnownFileType = sourcecode.swift; path = ScreenTimeSettingsManager.swift; sourceTree = "<group>"; };
		B10007 /* RemoteSyncService.swift */ = {isa = PBXFileReference; lastKnownFileType = sourcecode.swift; path = RemoteSyncService.swift; sourceTree = "<group>"; };
		B10008 /* MockScreenTimeManager.swift */ = {isa = PBXFileReference; lastKnownFileType = sourcecode.swift; path = MockScreenTimeManager.swift; sourceTree = "<group>"; };
		B10040 /* ContentBlockerService.swift */ = {isa = PBXFileReference; lastKnownFileType = sourcecode.swift; path = ContentBlockerService.swift; sourceTree = "<group>"; };
		B10041 /* GoogleService-Info.plist */ = {isa = PBXFileReference; lastKnownFileType = text.plist.xml; path = "GoogleService-Info.plist"; sourceTree = "<group>"; };
		B10009 /* SharedDefaults.swift */ = {isa = PBXFileReference; lastKnownFileType = sourcecode.swift; path = SharedDefaults.swift; sourceTree = "<group>"; };
		B10010 /* Constants.swift */ = {isa = PBXFileReference; lastKnownFileType = sourcecode.swift; path = Constants.swift; sourceTree = "<group>"; };
		B10011 /* AuthorizationView.swift */ = {isa = PBXFileReference; lastKnownFileType = sourcecode.swift; path = AuthorizationView.swift; sourceTree = "<group>"; };
		B10012 /* MainTabView.swift */ = {isa = PBXFileReference; lastKnownFileType = sourcecode.swift; path = MainTabView.swift; sourceTree = "<group>"; };
		B10013 /* DashboardView.swift */ = {isa = PBXFileReference; lastKnownFileType = sourcecode.swift; path = DashboardView.swift; sourceTree = "<group>"; };
		B10014 /* AppBlockingView.swift */ = {isa = PBXFileReference; lastKnownFileType = sourcecode.swift; path = AppBlockingView.swift; sourceTree = "<group>"; };
		B10015 /* ScheduleView.swift */ = {isa = PBXFileReference; lastKnownFileType = sourcecode.swift; path = ScheduleView.swift; sourceTree = "<group>"; };
		B10016 /* RemoteControlView.swift */ = {isa = PBXFileReference; lastKnownFileType = sourcecode.swift; path = RemoteControlView.swift; sourceTree = "<group>"; };
		B10017 /* SettingsView.swift */ = {isa = PBXFileReference; lastKnownFileType = sourcecode.swift; path = SettingsView.swift; sourceTree = "<group>"; };
		B10018 /* Assets.xcassets */ = {isa = PBXFileReference; lastKnownFileType = folder.assetcatalog; path = Assets.xcassets; sourceTree = "<group>"; };
		B10019 /* Info.plist */ = {isa = PBXFileReference; lastKnownFileType = text.plist.xml; path = Info.plist; sourceTree = "<group>"; };
		B10020 /* ScreenTimeControl.entitlements */ = {isa = PBXFileReference; lastKnownFileType = text.plist.entitlements; path = ScreenTimeControl.entitlements; sourceTree = "<group>"; };
		B10021 /* ScreenTimeControl-Simulator.entitlements */ = {isa = PBXFileReference; lastKnownFileType = text.plist.entitlements; path = "ScreenTimeControl-Simulator.entitlements"; sourceTree = "<group>"; };
		B10022 /* FirebaseAuthService.swift */ = {isa = PBXFileReference; lastKnownFileType = sourcecode.swift; path = FirebaseAuthService.swift; sourceTree = "<group>"; };
		B10023 /* LoginView.swift */ = {isa = PBXFileReference; lastKnownFileType = sourcecode.swift; path = LoginView.swift; sourceTree = "<group>"; };
		B10024 /* AdminDashboardView.swift */ = {isa = PBXFileReference; lastKnownFileType = sourcecode.swift; path = AdminDashboardView.swift; sourceTree = "<group>"; };
		B10030 /* ChildDeviceView.swift */ = {isa = PBXFileReference; lastKnownFileType = sourcecode.swift; path = ChildDeviceView.swift; sourceTree = "<group>"; };
		B20001 /* DeviceActivityMonitorExtension.swift */ = {isa = PBXFileReference; lastKnownFileType = sourcecode.swift; path = DeviceActivityMonitorExtension.swift; sourceTree = "<group>"; };
		B20002 /* Info.plist */ = {isa = PBXFileReference; lastKnownFileType = text.plist.xml; path = Info.plist; sourceTree = "<group>"; };
		B20003 /* DeviceActivityMonitor.entitlements */ = {isa = PBXFileReference; lastKnownFileType = text.plist.entitlements; path = DeviceActivityMonitor.entitlements; sourceTree = "<group>"; };
		B20004 /* DeviceActivityMonitor-Simulator.entitlements */ = {isa = PBXFileReference; lastKnownFileType = text.plist.entitlements; path = "DeviceActivityMonitor-Simulator.entitlements"; sourceTree = "<group>"; };
		B30001 /* ShieldConfigurationExtension.swift */ = {isa = PBXFileReference; lastKnownFileType = sourcecode.swift; path = ShieldConfigurationExtension.swift; sourceTree = "<group>"; };
		B30002 /* Info.plist */ = {isa = PBXFileReference; lastKnownFileType = text.plist.xml; path = Info.plist; sourceTree = "<group>"; };
		B30003 /* ShieldConfiguration.entitlements */ = {isa = PBXFileReference; lastKnownFileType = text.plist.entitlements; path = ShieldConfiguration.entitlements; sourceTree = "<group>"; };
		B30004 /* ShieldConfiguration-Simulator.entitlements */ = {isa = PBXFileReference; lastKnownFileType = text.plist.entitlements; path = "ShieldConfiguration-Simulator.entitlements"; sourceTree = "<group>"; };
		B40001 /* ShieldActionExtension.swift */ = {isa = PBXFileReference; lastKnownFileType = sourcecode.swift; path = ShieldActionExtension.swift; sourceTree = "<group>"; };
		B40002 /* Info.plist */ = {isa = PBXFileReference; lastKnownFileType = text.plist.xml; path = Info.plist; sourceTree = "<group>"; };
		B40003 /* ShieldAction.entitlements */ = {isa = PBXFileReference; lastKnownFileType = text.plist.entitlements; path = ShieldAction.entitlements; sourceTree = "<group>"; };
		B40004 /* ShieldAction-Simulator.entitlements */ = {isa = PBXFileReference; lastKnownFileType = text.plist.entitlements; path = "ShieldAction-Simulator.entitlements"; sourceTree = "<group>"; };
		BDCBC9A12F82C08B000E9E56 /* BSAFEContentBlocker.appex */ = {isa = PBXFileReference; explicitFileType = "wrapper.app-extension"; includeInIndex = 0; path = BSAFEContentBlocker.appex; sourceTree = BUILT_PRODUCTS_DIR; };
		C10000 /* ScreenTimeControl.app */ = {isa = PBXFileReference; explicitFileType = wrapper.application; includeInIndex = 0; path = ScreenTimeControl.app; sourceTree = BUILT_PRODUCTS_DIR; };
		C20000 /* DeviceActivityMonitor.appex */ = {isa = PBXFileReference; explicitFileType = "wrapper.app-extension"; includeInIndex = 0; path = DeviceActivityMonitor.appex; sourceTree = BUILT_PRODUCTS_DIR; };
		C30000 /* ShieldConfiguration.appex */ = {isa = PBXFileReference; explicitFileType = "wrapper.app-extension"; includeInIndex = 0; path = ShieldConfiguration.appex; sourceTree = BUILT_PRODUCTS_DIR; };
		C40000 /* ShieldAction.appex */ = {isa = PBXFileReference; explicitFileType = "wrapper.app-extension"; includeInIndex = 0; path = ShieldAction.appex; sourceTree = BUILT_PRODUCTS_DIR; };
/* End PBXFileReference section */

/* Begin PBXFileSystemSynchronizedBuildFileExceptionSet section */
		BDCBC9AB2F82C08C000E9E56 /* PBXFileSystemSynchronizedBuildFileExceptionSet */ = {
			isa = PBXFileSystemSynchronizedBuildFileExceptionSet;
			membershipExceptions = (
				Info.plist,
			);
			target = BDCBC9A02F82C08B000E9E56 /* BSAFEContentBlocker */;
		};
/* End PBXFileSystemSynchronizedBuildFileExceptionSet section */

/* Begin PBXFileSystemSynchronizedRootGroup section */
		BDCBC9A22F82C08B000E9E56 /* BSAFEContentBlocker */ = {isa = PBXFileSystemSynchronizedRootGroup; exceptions = (BDCBC9AB2F82C08C000E9E56 /* PBXFileSystemSynchronizedBuildFileExceptionSet */, ); explicitFileTypes = {}; explicitFolders = (); path = BSAFEContentBlocker; sourceTree = "<group>"; };
/* End PBXFileSystemSynchronizedRootGroup section */

/* Begin PBXFrameworksBuildPhase section */
		BDCBC99E2F82C08B000E9E56 /* Frameworks */ = {
			isa = PBXFrameworksBuildPhase;
			buildActionMask = 2147483647;
			files = (
			);
			runOnlyForDeploymentPostprocessing = 0;
		};
		FW10001 /* Frameworks */ = {
			isa = PBXFrameworksBuildPhase;
			buildActionMask = 2147483647;
			files = (
			);
			runOnlyForDeploymentPostprocessing = 0;
		};
/* End PBXFrameworksBuildPhase section */

/* Begin PBXGroup section */
		G00000 = {
			isa = PBXGroup;
			children = (
				G10000 /* ScreenTimeControl */,
				G20000 /* DeviceActivityMonitor */,
				G30000 /* ShieldConfiguration */,
				G40000 /* ShieldAction */,
				BDCBC9A22F82C08B000E9E56 /* BSAFEContentBlocker */,
				G50000 /* Products */,
			);
			sourceTree = "<group>";
		};
		G10000 /* ScreenTimeControl */ = {
			isa = PBXGroup;
			children = (
				G10001 /* App */,
				G10002 /* Models */,
				G10003 /* Services */,
				G10004 /* Views */,
				G10009 /* Extensions */,
				B10018 /* Assets.xcassets */,
				B10019 /* Info.plist */,
				B10020 /* ScreenTimeControl.entitlements */,
				B10021 /* ScreenTimeControl-Simulator.entitlements */,
				B10041 /* GoogleService-Info.plist */,
			);
			path = ScreenTimeControl;
			sourceTree = "<group>";
		};
		G10001 /* App */ = {
			isa = PBXGroup;
			children = (
				B10001 /* ScreenTimeControlApp.swift */,
				B10002 /* TypeAliases.swift */,
			);
			path = App;
			sourceTree = "<group>";
		};
		G10002 /* Models */ = {
			isa = PBXGroup;
			children = (
				B10003 /* ScreenTimeSettings.swift */,
				B10004 /* DeviceInfo.swift */,
			);
			path = Models;
			sourceTree = "<group>";
		};
		G10003 /* Services */ = {
			isa = PBXGroup;
			children = (
				B10005 /* AuthorizationManager.swift */,
				B10006 /* ScreenTimeSettingsManager.swift */,
				B10007 /* RemoteSyncService.swift */,
				B10008 /* MockScreenTimeManager.swift */,
				B10022 /* FirebaseAuthService.swift */,
				B10040 /* ContentBlockerService.swift */,
			);
			path = Services;
			sourceTree = "<group>";
		};
		G10004 /* Views */ = {
			isa = PBXGroup;
			children = (
				B10011 /* AuthorizationView.swift */,
				B10012 /* MainTabView.swift */,
				B10023 /* LoginView.swift */,
				B10030 /* ChildDeviceView.swift */,
				G10010 /* Admin */,
				G10005 /* Dashboard */,
				G10006 /* AppPicker */,
				G10007 /* Schedule */,
				G10008 /* Settings */,
			);
			path = Views;
			sourceTree = "<group>";
		};
		G10005 /* Dashboard */ = {
			isa = PBXGroup;
			children = (
				B10013 /* DashboardView.swift */,
			);
			path = Dashboard;
			sourceTree = "<group>";
		};
		G10006 /* AppPicker */ = {
			isa = PBXGroup;
			children = (
				B10014 /* AppBlockingView.swift */,
			);
			path = AppPicker;
			sourceTree = "<group>";
		};
		G10007 /* Schedule */ = {
			isa = PBXGroup;
			children = (
				B10015 /* ScheduleView.swift */,
			);
			path = Schedule;
			sourceTree = "<group>";
		};
		G10008 /* Settings */ = {
			isa = PBXGroup;
			children = (
				B10016 /* RemoteControlView.swift */,
				B10017 /* SettingsView.swift */,
			);
			path = Settings;
			sourceTree = "<group>";
		};
		G10009 /* Extensions */ = {
			isa = PBXGroup;
			children = (
				B10009 /* SharedDefaults.swift */,
				B10010 /* Constants.swift */,
			);
			path = Extensions;
			sourceTree = "<group>";
		};
		G10010 /* Admin */ = {
			isa = PBXGroup;
			children = (
				B10024 /* AdminDashboardView.swift */,
			);
			path = Admin;
			sourceTree = "<group>";
		};
		G20000 /* DeviceActivityMonitor */ = {
			isa = PBXGroup;
			children = (
				B20001 /* DeviceActivityMonitorExtension.swift */,
				B20002 /* Info.plist */,
				B20003 /* DeviceActivityMonitor.entitlements */,
				B20004 /* DeviceActivityMonitor-Simulator.entitlements */,
			);
			path = DeviceActivityMonitor;
			sourceTree = "<group>";
		};
		G30000 /* ShieldConfiguration */ = {
			isa = PBXGroup;
			children = (
				B30001 /* ShieldConfigurationExtension.swift */,
				B30002 /* Info.plist */,
				B30003 /* ShieldConfiguration.entitlements */,
				B30004 /* ShieldConfiguration-Simulator.entitlements */,
			);
			path = ShieldConfiguration;
			sourceTree = "<group>";
		};
		G40000 /* ShieldAction */ = {
			isa = PBXGroup;
			children = (
				B40001 /* ShieldActionExtension.swift */,
				B40002 /* Info.plist */,
				B40003 /* ShieldAction.entitlements */,
				B40004 /* ShieldAction-Simulator.entitlements */,
			);
			path = ShieldAction;
			sourceTree = "<group>";
		};
		G50000 /* Products */ = {
			isa = PBXGroup;
			children = (
				C10000 /* ScreenTimeControl.app */,
				C20000 /* DeviceActivityMonitor.appex */,
				C30000 /* ShieldConfiguration.appex */,
				C40000 /* ShieldAction.appex */,
				BDCBC9A12F82C08B000E9E56 /* BSAFEContentBlocker.appex */,
			);
			name = Products;
			sourceTree = "<group>";
		};
/* End PBXGroup section */

/* Begin PBXNativeTarget section */
		BDCBC9A02F82C08B000E9E56 /* BSAFEContentBlocker */ = {
			isa = PBXNativeTarget;
			buildConfigurationList = BDCBC9AC2F82C08C000E9E56 /* Build configuration list for PBXNativeTarget "BSAFEContentBlocker" */;
			buildPhases = (
				BDCBC99D2F82C08B000E9E56 /* Sources */,
				BDCBC99E2F82C08B000E9E56 /* Frameworks */,
				BDCBC99F2F82C08B000E9E56 /* Resources */,
			);
			buildRules = (
			);
			dependencies = (
			);
			fileSystemSynchronizedGroups = (
				BDCBC9A22F82C08B000E9E56 /* BSAFEContentBlocker */,
			);
			name = BSAFEContentBlocker;
			packageProductDependencies = (
			);
			productName = BSAFEContentBlocker;
			productReference = BDCBC9A12F82C08B000E9E56 /* BSAFEContentBlocker.appex */;
			productType = "com.apple.product-type.app-extension";
		};
		T10000 /* ScreenTimeControl */ = {
			isa = PBXNativeTarget;
			buildConfigurationList = X10000 /* Build configuration list for PBXNativeTarget "ScreenTimeControl" */;
			buildPhases = (
				S10000 /* Sources */,
				FW10001 /* Frameworks */,
				R10000 /* Resources */,
				F10001 /* Embed Extensions */,
			);
			buildRules = (
			);
			dependencies = (
				BDCBC9A92F82C08C000E9E56 /* PBXTargetDependency */,
			);
			name = ScreenTimeControl;
			productName = ScreenTimeControl;
			productReference = C10000 /* ScreenTimeControl.app */;
			productType = "com.apple.product-type.application";
		};
/* End PBXNativeTarget section */

/* Begin PBXProject section */
		E10000 /* Project object */ = {
			isa = PBXProject;
			attributes = {
				BuildIndependentTargetsInParallel = 1;
				LastSwiftUpdateCheck = 2640;
				LastUpgradeCheck = 1500;
				TargetAttributes = {
					BDCBC9A02F82C08B000E9E56 = {
						CreatedOnToolsVersion = 26.4;
					};
					T10000 = {
						CreatedOnToolsVersion = 15.0;
					};
				};
			};
			buildConfigurationList = X00000 /* Build configuration list for PBXProject "ScreenTimeControl" */;
			compatibilityVersion = "Xcode 14.0";
			developmentRegion = en;
			hasScannedForEncodings = 0;
			knownRegions = (
				en,
				Base,
			);
			mainGroup = G00000;
			productRefGroup = G50000 /* Products */;
			projectDirPath = "";
			projectRoot = "";
			targets = (
				T10000 /* ScreenTimeControl */,
				BDCBC9A02F82C08B000E9E56 /* BSAFEContentBlocker */,
			);
		};
/* End PBXProject section */

/* Begin PBXResourcesBuildPhase section */
		BDCBC99F2F82C08B000E9E56 /* Resources */ = {
			isa = PBXResourcesBuildPhase;
			buildActionMask = 2147483647;
			files = (
			);
			runOnlyForDeploymentPostprocessing = 0;
		};
		R10000 /* Resources */ = {
			isa = PBXResourcesBuildPhase;
			buildActionMask = 2147483647;
			files = (
				A10018 /* Assets.xcassets in Resources */,
				A10041 /* GoogleService-Info.plist in Resources */,
			);
			runOnlyForDeploymentPostprocessing = 0;
		};
/* End PBXResourcesBuildPhase section */

/* Begin PBXSourcesBuildPhase section */
		BDCBC99D2F82C08B000E9E56 /* Sources */ = {
			isa = PBXSourcesBuildPhase;
			buildActionMask = 2147483647;
			files = (
			);
			runOnlyForDeploymentPostprocessing = 0;
		};
		S10000 /* Sources */ = {
			isa = PBXSourcesBuildPhase;
			buildActionMask = 2147483647;
			files = (
				A10001 /* ScreenTimeControlApp.swift in Sources */,
				A10002 /* TypeAliases.swift in Sources */,
				A10003 /* ScreenTimeSettings.swift in Sources */,
				A10004 /* DeviceInfo.swift in Sources */,
				A10005 /* AuthorizationManager.swift in Sources */,
				A10006 /* ScreenTimeSettingsManager.swift in Sources */,
				A10007 /* RemoteSyncService.swift in Sources */,
				A10040 /* ContentBlockerService.swift in Sources */,
				A10008 /* MockScreenTimeManager.swift in Sources */,
				A10009 /* SharedDefaults.swift in Sources */,
				A10010 /* Constants.swift in Sources */,
				A10011 /* AuthorizationView.swift in Sources */,
				A10012 /* MainTabView.swift in Sources */,
				A10013 /* DashboardView.swift in Sources */,
				A10014 /* AppBlockingView.swift in Sources */,
				A10015 /* ScheduleView.swift in Sources */,
				A10016 /* RemoteControlView.swift in Sources */,
				A10017 /* SettingsView.swift in Sources */,
				A10022 /* FirebaseAuthService.swift in Sources */,
				A10023 /* LoginView.swift in Sources */,
				A10024 /* AdminDashboardView.swift in Sources */,
				A10030 /* ChildDeviceView.swift in Sources */,
			);
			runOnlyForDeploymentPostprocessing = 0;
		};
/* End PBXSourcesBuildPhase section */

/* Begin PBXTargetDependency section */
		BDCBC9A92F82C08C000E9E56 /* PBXTargetDependency */ = {
			isa = PBXTargetDependency;
			target = BDCBC9A02F82C08B000E9E56 /* BSAFEContentBlocker */;
			targetProxy = BDCBC9A82F82C08C000E9E56 /* PBXContainerItemProxy */;
		};
/* End PBXTargetDependency section */

/* Begin XCBuildConfiguration section */
		BDCBC9AD2F82C08C000E9E56 /* Debug */ = {
			isa = XCBuildConfiguration;
			buildSettings = {
				ARCHS = "$(ARCHS_STANDARD_64_BIT)";
				ASSETCATALOG_COMPILER_GENERATE_SWIFT_ASSET_SYMBOL_EXTENSIONS = YES;
				CLANG_ANALYZER_NUMBER_OBJECT_CONVERSION = YES_AGGRESSIVE;
				CLANG_ENABLE_OBJC_WEAK = YES;
				CLANG_WARN_BLOCK_CAPTURE_AUTORELEASING = YES;
				CLANG_WARN_BOOL_CONVERSION = YES;
				CLANG_WARN_COMMA = YES;
				CLANG_WARN_CONSTANT_CONVERSION = YES;
				CLANG_WARN_DEPRECATED_OBJC_IMPLEMENTATIONS = YES;
				CLANG_WARN_DIRECT_OBJC_ISA_USAGE = YES_ERROR;
				CLANG_WARN_DOCUMENTATION_COMMENTS = YES;
				CLANG_WARN_EMPTY_BODY = YES;
				CLANG_WARN_ENUM_CONVERSION = YES;
				CLANG_WARN_INFINITE_RECURSION = YES;
				CLANG_WARN_INT_CONVERSION = YES;
				CLANG_WARN_NON_LITERAL_NULL_CONVERSION = YES;
				CLANG_WARN_OBJC_IMPLICIT_RETAIN_SELF = YES;
				CLANG_WARN_OBJC_LITERAL_CONVERSION = YES;
				CLANG_WARN_OBJC_ROOT_CLASS = YES_ERROR;
				CLANG_WARN_QUOTED_INCLUDE_IN_FRAMEWORK_HEADER = YES;
				CLANG_WARN_RANGE_LOOP_ANALYSIS = YES;
				CLANG_WARN_STRICT_PROTOTYPES = YES;
				CLANG_WARN_SUSPICIOUS_MOVE = YES;
				CLANG_WARN_UNGUARDED_AVAILABILITY = YES_AGGRESSIVE;
				CLANG_WARN_UNREACHABLE_CODE = YES;
				CLANG_WARN__DUPLICATE_METHOD_MATCH = YES;
				CODE_SIGN_ENTITLEMENTS = BSAFEContentBlocker/BSAFEContentBlocker.entitlements;
				CODE_SIGN_STYLE = Automatic;
				CURRENT_PROJECT_VERSION = 1;
				DEVELOPMENT_TEAM = NV5VW682KB;
				ENABLE_USER_SCRIPT_SANDBOXING = YES;
				GCC_C_LANGUAGE_STANDARD = gnu17;
				GCC_NO_COMMON_BLOCKS = YES;
				GCC_WARN_64_TO_32_BIT_CONVERSION = YES;
				GCC_WARN_UNDECLARED_SELECTOR = YES;
				GENERATE_INFOPLIST_FILE = YES;
				INFOPLIST_FILE = BSAFEContentBlocker/Info.plist;
				INFOPLIST_KEY_CFBundleDisplayName = BSAFEContentBlocker;
				INFOPLIST_KEY_NSHumanReadableCopyright = "";
				IPHONEOS_DEPLOYMENT_TARGET = 26.4;
				LD_RUNPATH_SEARCH_PATHS = (
					"$(inherited)",
					"@executable_path/Frameworks",
					"@executable_path/../../Frameworks",
				);
				LOCALIZATION_PREFERS_STRING_CATALOGS = YES;
				MARKETING_VERSION = 1.0;
				PRODUCT_BUNDLE_IDENTIFIER = com.abbrachfeld.screentimecontrolabbrach.BSAFEContentBlocker;
				PRODUCT_NAME = "$(TARGET_NAME)";
				SKIP_INSTALL = YES;
				STRING_CATALOG_GENERATE_SYMBOLS = YES;
				SWIFT_APPROACHABLE_CONCURRENCY = YES;
				SWIFT_EMIT_LOC_STRINGS = YES;
				SWIFT_UPCOMING_FEATURE_MEMBER_IMPORT_VISIBILITY = YES;
				SWIFT_VERSION = 5.0;
				TARGETED_DEVICE_FAMILY = "1,2";
			};
			name = Debug;
		};
		BDCBC9AE2F82C08C000E9E56 /* Release */ = {
			isa = XCBuildConfiguration;
			buildSettings = {
				ARCHS = "$(ARCHS_STANDARD_64_BIT)";
				ASSETCATALOG_COMPILER_GENERATE_SWIFT_ASSET_SYMBOL_EXTENSIONS = YES;
				CLANG_ANALYZER_NUMBER_OBJECT_CONVERSION = YES_AGGRESSIVE;
				CLANG_ENABLE_OBJC_WEAK = YES;
				CLANG_WARN_BLOCK_CAPTURE_AUTORELEASING = YES;
				CLANG_WARN_BOOL_CONVERSION = YES;
				CLANG_WARN_COMMA = YES;
				CLANG_WARN_CONSTANT_CONVERSION = YES;
				CLANG_WARN_DEPRECATED_OBJC_IMPLEMENTATIONS = YES;
				CLANG_WARN_DIRECT_OBJC_ISA_USAGE = YES_ERROR;
				CLANG_WARN_DOCUMENTATION_COMMENTS = YES;
				CLANG_WARN_EMPTY_BODY = YES;
				CLANG_WARN_ENUM_CONVERSION = YES;
				CLANG_WARN_INFINITE_RECURSION = YES;
				CLANG_WARN_INT_CONVERSION = YES;
				CLANG_WARN_NON_LITERAL_NULL_CONVERSION = YES;
				CLANG_WARN_OBJC_IMPLICIT_RETAIN_SELF = YES;
				CLANG_WARN_OBJC_LITERAL_CONVERSION = YES;
				CLANG_WARN_OBJC_ROOT_CLASS = YES_ERROR;
				CLANG_WARN_QUOTED_INCLUDE_IN_FRAMEWORK_HEADER = YES;
				CLANG_WARN_RANGE_LOOP_ANALYSIS = YES;
				CLANG_WARN_STRICT_PROTOTYPES = YES;
				CLANG_WARN_SUSPICIOUS_MOVE = YES;
				CLANG_WARN_UNGUARDED_AVAILABILITY = YES_AGGRESSIVE;
				CLANG_WARN_UNREACHABLE_CODE = YES;
				CLANG_WARN__DUPLICATE_METHOD_MATCH = YES;
				CODE_SIGN_ENTITLEMENTS = BSAFEContentBlocker/BSAFEContentBlocker.entitlements;
				CODE_SIGN_STYLE = Automatic;
				CURRENT_PROJECT_VERSION = 1;
				DEVELOPMENT_TEAM = NV5VW682KB;
				ENABLE_USER_SCRIPT_SANDBOXING = YES;
				GCC_C_LANGUAGE_STANDARD = gnu17;
				GCC_NO_COMMON_BLOCKS = YES;
				GCC_WARN_64_TO_32_BIT_CONVERSION = YES;
				GCC_WARN_UNDECLARED_SELECTOR = YES;
				GENERATE_INFOPLIST_FILE = YES;
				INFOPLIST_FILE = BSAFEContentBlocker/Info.plist;
				INFOPLIST_KEY_CFBundleDisplayName = BSAFEContentBlocker;
				INFOPLIST_KEY_NSHumanReadableCopyright = "";
				IPHONEOS_DEPLOYMENT_TARGET = 26.4;
				LD_RUNPATH_SEARCH_PATHS = (
					"$(inherited)",
					"@executable_path/Frameworks",
					"@executable_path/../../Frameworks",
				);
				LOCALIZATION_PREFERS_STRING_CATALOGS = YES;
				MARKETING_VERSION = 1.0;
				MTL_ENABLE_DEBUG_INFO = NO;
				PRODUCT_BUNDLE_IDENTIFIER = com.abbrachfeld.screentimecontrolabbrach.BSAFEContentBlocker;
				PRODUCT_NAME = "$(TARGET_NAME)";
				SKIP_INSTALL = YES;
				STRING_CATALOG_GENERATE_SYMBOLS = YES;
				SWIFT_APPROACHABLE_CONCURRENCY = YES;
				SWIFT_EMIT_LOC_STRINGS = YES;
				SWIFT_UPCOMING_FEATURE_MEMBER_IMPORT_VISIBILITY = YES;
				SWIFT_VERSION = 5.0;
				TARGETED_DEVICE_FAMILY = "1,2";
			};
			name = Release;
		};
		XC0001 /* Debug */ = {
			isa = XCBuildConfiguration;
			buildSettings = {
				ALWAYS_SEARCH_USER_PATHS = NO;
				CLANG_ANALYZER_NONNULL = YES;
				CLANG_CXX_LANGUAGE_STANDARD = "gnu++20";
				CLANG_ENABLE_MODULES = YES;
				CLANG_ENABLE_OBJC_ARC = YES;
				COPY_PHASE_STRIP = NO;
				DEBUG_INFORMATION_FORMAT = dwarf;
				ENABLE_STRICT_OBJC_MSGSEND = YES;
				ENABLE_TESTABILITY = YES;
				GCC_DYNAMIC_NO_PIC = NO;
				GCC_OPTIMIZATION_LEVEL = 0;
				GCC_PREPROCESSOR_DEFINITIONS = (
					"DEBUG=1",
					"$(inherited)",
				);
				GCC_WARN_ABOUT_RETURN_TYPE = YES_ERROR;
				GCC_WARN_UNINITIALIZED_AUTOS = YES_AGGRESSIVE;
				GCC_WARN_UNUSED_FUNCTION = YES;
				GCC_WARN_UNUSED_VARIABLE = YES;
				IPHONEOS_DEPLOYMENT_TARGET = 16.0;
				MTL_ENABLE_DEBUG_INFO = INCLUDE_SOURCE;
				MTL_FAST_MATH = YES;
				ONLY_ACTIVE_ARCH = YES;
				SDKROOT = iphoneos;
				SWIFT_ACTIVE_COMPILATION_CONDITIONS = "DEBUG $(inherited)";
				SWIFT_OPTIMIZATION_LEVEL = "-Onone";
				SWIFT_VERSION = 5.0;
			};
			name = Debug;
		};
		XC0002 /* Release */ = {
			isa = XCBuildConfiguration;
			buildSettings = {
				ALWAYS_SEARCH_USER_PATHS = NO;
				CLANG_ANALYZER_NONNULL = YES;
				CLANG_CXX_LANGUAGE_STANDARD = "gnu++20";
				CLANG_ENABLE_MODULES = YES;
				CLANG_ENABLE_OBJC_ARC = YES;
				COPY_PHASE_STRIP = NO;
				DEBUG_INFORMATION_FORMAT = "dwarf-with-dsym";
				ENABLE_NS_ASSERTIONS = NO;
				ENABLE_STRICT_OBJC_MSGSEND = YES;
				GCC_WARN_ABOUT_RETURN_TYPE = YES_ERROR;
				GCC_WARN_UNINITIALIZED_AUTOS = YES_AGGRESSIVE;
				GCC_WARN_UNUSED_FUNCTION = YES;
				GCC_WARN_UNUSED_VARIABLE = YES;
				IPHONEOS_DEPLOYMENT_TARGET = 16.0;
				MTL_FAST_MATH = YES;
				SDKROOT = iphoneos;
				SWIFT_COMPILATION_MODE = wholemodule;
				SWIFT_VERSION = 5.0;
				VALIDATE_PRODUCT = YES;
			};
			name = Release;
		};
		XC1001 /* Debug */ = {
			isa = XCBuildConfiguration;
			buildSettings = {
				ASSETCATALOG_COMPILER_APPICON_NAME = AppIcon;
				ASSETCATALOG_COMPILER_GLOBAL_ACCENT_COLOR_NAME = AccentColor;
				CODE_SIGN_ENTITLEMENTS = ScreenTimeControl/ScreenTimeControl.entitlements;
				"CODE_SIGN_ENTITLEMENTS[sdk=iphonesimulator*]" = "ScreenTimeControl/ScreenTimeControl-Simulator.entitlements";
				CODE_SIGN_STYLE = Automatic;
				CURRENT_PROJECT_VERSION = 1;
				INFOPLIST_FILE = ScreenTimeControl/Info.plist;
				LD_RUNPATH_SEARCH_PATHS = (
					"$(inherited)",
					"@executable_path/Frameworks",
				);
				MARKETING_VERSION = 1.0;
				PRODUCT_BUNDLE_IDENTIFIER = com.abbrachfeld.screentimecontrolabbrach;
				PRODUCT_NAME = "$(TARGET_NAME)";
				SWIFT_EMIT_LOC_STRINGS = YES;
				TARGETED_DEVICE_FAMILY = 1;
			};
			name = Debug;
		};
		XC1002 /* Release */ = {
			isa = XCBuildConfiguration;
			buildSettings = {
				ASSETCATALOG_COMPILER_APPICON_NAME = AppIcon;
				ASSETCATALOG_COMPILER_GLOBAL_ACCENT_COLOR_NAME = AccentColor;
				CODE_SIGN_ENTITLEMENTS = ScreenTimeControl/ScreenTimeControl.entitlements;
				"CODE_SIGN_ENTITLEMENTS[sdk=iphonesimulator*]" = "ScreenTimeControl/ScreenTimeControl-Simulator.entitlements";
				CODE_SIGN_STYLE = Automatic;
				CURRENT_PROJECT_VERSION = 1;
				INFOPLIST_FILE = ScreenTimeControl/Info.plist;
				LD_RUNPATH_SEARCH_PATHS = (
					"$(inherited)",
					"@executable_path/Frameworks",
				);
				MARKETING_VERSION = 1.0;
				PRODUCT_BUNDLE_IDENTIFIER = com.abbrachfeld.screentimecontrolabbrach;
				PRODUCT_NAME = "$(TARGET_NAME)";
				SWIFT_EMIT_LOC_STRINGS = YES;
				TARGETED_DEVICE_FAMILY = 1;
			};
			name = Release;
		};
/* End XCBuildConfiguration section */

/* Begin XCConfigurationList section */
		BDCBC9AC2F82C08C000E9E56 /* Build configuration list for PBXNativeTarget "BSAFEContentBlocker" */ = {
			isa = XCConfigurationList;
			buildConfigurations = (
				BDCBC9AD2F82C08C000E9E56 /* Debug */,
				BDCBC9AE2F82C08C000E9E56 /* Release */,
			);
			defaultConfigurationIsVisible = 0;
			defaultConfigurationName = Release;
		};
		X00000 /* Build configuration list for PBXProject "ScreenTimeControl" */ = {
			isa = XCConfigurationList;
			buildConfigurations = (
				XC0001 /* Debug */,
				XC0002 /* Release */,
			);
			defaultConfigurationIsVisible = 0;
			defaultConfigurationName = Release;
		};
		X10000 /* Build configuration list for PBXNativeTarget "ScreenTimeControl" */ = {
			isa = XCConfigurationList;
			buildConfigurations = (
				XC1001 /* Debug */,
				XC1002 /* Release */,
			);
			defaultConfigurationIsVisible = 0;
			defaultConfigurationName = Release;
		};
/* End XCConfigurationList section */
	};
	rootObject = E10000 /* Project object */;
}
