// !$*UTF8*$!
{
	archiveVersion = 1;
	classes = {
	};
	objectVersion = 56;
	objects = {

/* Begin PBXBuildFile section */
		/* Main app sources */
		A10001 /* ScreenTimeControlApp.swift in Sources */     = {isa = PBXBuildFile; fileRef = B10001; };
		A10002 /* TypeAliases.swift in Sources */              = {isa = PBXBuildFile; fileRef = B10002; };
		A10003 /* ScreenTimeSettings.swift in Sources */       = {isa = PBXBuildFile; fileRef = B10003; };
		A10004 /* DeviceInfo.swift in Sources */               = {isa = PBXBuildFile; fileRef = B10004; };
		A10005 /* AuthorizationManager.swift in Sources */     = {isa = PBXBuildFile; fileRef = B10005; };
		A10006 /* ScreenTimeSettingsManager.swift in Sources */= {isa = PBXBuildFile; fileRef = B10006; };
		A10007 /* RemoteSyncService.swift in Sources */        = {isa = PBXBuildFile; fileRef = B10007; };
		A10008 /* MockScreenTimeManager.swift in Sources */    = {isa = PBXBuildFile; fileRef = B10008; };
		A10009 /* SharedDefaults.swift in Sources */           = {isa = PBXBuildFile; fileRef = B10009; };
		A10010 /* Constants.swift in Sources */                = {isa = PBXBuildFile; fileRef = B10010; };
		A10011 /* AuthorizationView.swift in Sources */        = {isa = PBXBuildFile; fileRef = B10011; };
		A10012 /* MainTabView.swift in Sources */              = {isa = PBXBuildFile; fileRef = B10012; };
		A10013 /* DashboardView.swift in Sources */            = {isa = PBXBuildFile; fileRef = B10013; };
		A10014 /* AppBlockingView.swift in Sources */          = {isa = PBXBuildFile; fileRef = B10014; };
		A10015 /* ScheduleView.swift in Sources */             = {isa = PBXBuildFile; fileRef = B10015; };
		A10016 /* RemoteControlView.swift in Sources */        = {isa = PBXBuildFile; fileRef = B10016; };
		A10017 /* SettingsView.swift in Sources */             = {isa = PBXBuildFile; fileRef = B10017; };
		A10018 /* Assets.xcassets in Resources */              = {isa = PBXBuildFile; fileRef = B10018; };
		A10022 /* FirebaseAuthService.swift in Sources */      = {isa = PBXBuildFile; fileRef = B10022; };
		A10023 /* LoginView.swift in Sources */                = {isa = PBXBuildFile; fileRef = B10023; };
		A10024 /* AdminDashboardView.swift in Sources */       = {isa = PBXBuildFile; fileRef = B10024; };
		/* Extension sources */
		A20001 /* DeviceActivityMonitorExtension.swift in Sources */ = {isa = PBXBuildFile; fileRef = B20001; };
		A30001 /* ShieldConfigurationExtension.swift in Sources */   = {isa = PBXBuildFile; fileRef = B30001; };
		A40001 /* ShieldActionExtension.swift in Sources */          = {isa = PBXBuildFile; fileRef = B40001; };
		/* Embed extensions */
		A50001 /* DeviceActivityMonitor.appex in Embed Extensions */ = {isa = PBXBuildFile; fileRef = C20000; settings = {ATTRIBUTES = (RemoveHeadersOnCopy, ); }; };
		A50002 /* ShieldConfiguration.appex in Embed Extensions */   = {isa = PBXBuildFile; fileRef = C30000; settings = {ATTRIBUTES = (RemoveHeadersOnCopy, ); }; };
		A50003 /* ShieldAction.appex in Embed Extensions */          = {isa = PBXBuildFile; fileRef = C40000; settings = {ATTRIBUTES = (RemoveHeadersOnCopy, ); }; };
/* End PBXBuildFile section */

/* Begin PBXContainerItemProxy section */
		/* NOTE: These IDs are different from the PBXTargetDependency IDs below */
		PR20001 /* PBXContainerItemProxy — DeviceActivityMonitor */ = {
			isa = PBXContainerItemProxy;
			containerPortal = E10000;
			proxyType = 1;
			remoteGlobalIDString = T20000;
			remoteInfo = DeviceActivityMonitor;
		};
		PR30001 /* PBXContainerItemProxy — ShieldConfiguration */ = {
			isa = PBXContainerItemProxy;
			containerPortal = E10000;
			proxyType = 1;
			remoteGlobalIDString = T30000;
			remoteInfo = ShieldConfiguration;
		};
		PR40001 /* PBXContainerItemProxy — ShieldAction */ = {
			isa = PBXContainerItemProxy;
			containerPortal = E10000;
			proxyType = 1;
			remoteGlobalIDString = T40000;
			remoteInfo = ShieldAction;
		};
/* End PBXContainerItemProxy section */

/* Begin PBXCopyFilesBuildPhase section */
		F10001 /* Embed Extensions */ = {
			isa = PBXCopyFilesBuildPhase;
			buildActionMask = 2147483647;
			dstPath = "";
			dstSubfolderSpec = 13;
			files = (
			);
			name = "Embed Extensions";
			runOnlyForDeploymentPostprocessing = 0;
		};
/* End PBXCopyFilesBuildPhase section */

/* Begin PBXFileReference section */
		/* Main app */
		B10001 /* ScreenTimeControlApp.swift */      = {isa = PBXFileReference; lastKnownFileType = sourcecode.swift; path = ScreenTimeControlApp.swift; sourceTree = "<group>"; };
		B10002 /* TypeAliases.swift */               = {isa = PBXFileReference; lastKnownFileType = sourcecode.swift; path = TypeAliases.swift; sourceTree = "<group>"; };
		B10003 /* ScreenTimeSettings.swift */        = {isa = PBXFileReference; lastKnownFileType = sourcecode.swift; path = ScreenTimeSettings.swift; sourceTree = "<group>"; };
		B10004 /* DeviceInfo.swift */                = {isa = PBXFileReference; lastKnownFileType = sourcecode.swift; path = DeviceInfo.swift; sourceTree = "<group>"; };
		B10005 /* AuthorizationManager.swift */      = {isa = PBXFileReference; lastKnownFileType = sourcecode.swift; path = AuthorizationManager.swift; sourceTree = "<group>"; };
		B10006 /* ScreenTimeSettingsManager.swift */ = {isa = PBXFileReference; lastKnownFileType = sourcecode.swift; path = ScreenTimeSettingsManager.swift; sourceTree = "<group>"; };
		B10007 /* RemoteSyncService.swift */         = {isa = PBXFileReference; lastKnownFileType = sourcecode.swift; path = RemoteSyncService.swift; sourceTree = "<group>"; };
		B10008 /* MockScreenTimeManager.swift */     = {isa = PBXFileReference; lastKnownFileType = sourcecode.swift; path = MockScreenTimeManager.swift; sourceTree = "<group>"; };
		B10009 /* SharedDefaults.swift */            = {isa = PBXFileReference; lastKnownFileType = sourcecode.swift; path = SharedDefaults.swift; sourceTree = "<group>"; };
		B10010 /* Constants.swift */                 = {isa = PBXFileReference; lastKnownFileType = sourcecode.swift; path = Constants.swift; sourceTree = "<group>"; };
		B10011 /* AuthorizationView.swift */         = {isa = PBXFileReference; lastKnownFileType = sourcecode.swift; path = AuthorizationView.swift; sourceTree = "<group>"; };
		B10012 /* MainTabView.swift */               = {isa = PBXFileReference; lastKnownFileType = sourcecode.swift; path = MainTabView.swift; sourceTree = "<group>"; };
		B10013 /* DashboardView.swift */             = {isa = PBXFileReference; lastKnownFileType = sourcecode.swift; path = DashboardView.swift; sourceTree = "<group>"; };
		B10014 /* AppBlockingView.swift */           = {isa = PBXFileReference; lastKnownFileType = sourcecode.swift; path = AppBlockingView.swift; sourceTree = "<group>"; };
		B10015 /* ScheduleView.swift */              = {isa = PBXFileReference; lastKnownFileType = sourcecode.swift; path = ScheduleView.swift; sourceTree = "<group>"; };
		B10016 /* RemoteControlView.swift */         = {isa = PBXFileReference; lastKnownFileType = sourcecode.swift; path = RemoteControlView.swift; sourceTree = "<group>"; };
		B10017 /* SettingsView.swift */              = {isa = PBXFileReference; lastKnownFileType = sourcecode.swift; path = SettingsView.swift; sourceTree = "<group>"; };
		B10018 /* Assets.xcassets */                 = {isa = PBXFileReference; lastKnownFileType = folder.assetcatalog; path = Assets.xcassets; sourceTree = "<group>"; };
		B10019 /* Info.plist */                      = {isa = PBXFileReference; lastKnownFileType = text.plist.xml; path = Info.plist; sourceTree = "<group>"; };
		B10020 /* ScreenTimeControl.entitlements */  = {isa = PBXFileReference; lastKnownFileType = text.plist.entitlements; path = ScreenTimeControl.entitlements; sourceTree = "<group>"; };
		B10021 /* ScreenTimeControl-Simulator.entitlements */ = {isa = PBXFileReference; lastKnownFileType = text.plist.entitlements; path = "ScreenTimeControl-Simulator.entitlements"; sourceTree = "<group>"; };
		B10022 /* FirebaseAuthService.swift */  = {isa = PBXFileReference; lastKnownFileType = sourcecode.swift; path = FirebaseAuthService.swift; sourceTree = "<group>"; };
		B10023 /* LoginView.swift */            = {isa = PBXFileReference; lastKnownFileType = sourcecode.swift; path = LoginView.swift; sourceTree = "<group>"; };
		B10024 /* AdminDashboardView.swift */   = {isa = PBXFileReference; lastKnownFileType = sourcecode.swift; path = AdminDashboardView.swift; sourceTree = "<group>"; };
		/* DeviceActivityMonitor extension */
		B20001 /* DeviceActivityMonitorExtension.swift */ = {isa = PBXFileReference; lastKnownFileType = sourcecode.swift; path = DeviceActivityMonitorExtension.swift; sourceTree = "<group>"; };
		B20002 /* Info.plist */                           = {isa = PBXFileReference; lastKnownFileType = text.plist.xml; path = Info.plist; sourceTree = "<group>"; };
		B20003 /* DeviceActivityMonitor.entitlements */   = {isa = PBXFileReference; lastKnownFileType = text.plist.entitlements; path = DeviceActivityMonitor.entitlements; sourceTree = "<group>"; };
		B20004 /* DeviceActivityMonitor-Simulator.entitlements */ = {isa = PBXFileReference; lastKnownFileType = text.plist.entitlements; path = "DeviceActivityMonitor-Simulator.entitlements"; sourceTree = "<group>"; };
		/* ShieldConfiguration extension */
		B30001 /* ShieldConfigurationExtension.swift */ = {isa = PBXFileReference; lastKnownFileType = sourcecode.swift; path = ShieldConfigurationExtension.swift; sourceTree = "<group>"; };
		B30002 /* Info.plist */                          = {isa = PBXFileReference; lastKnownFileType = text.plist.xml; path = Info.plist; sourceTree = "<group>"; };
		B30003 /* ShieldConfiguration.entitlements */    = {isa = PBXFileReference; lastKnownFileType = text.plist.entitlements; path = ShieldConfiguration.entitlements; sourceTree = "<group>"; };
		B30004 /* ShieldConfiguration-Simulator.entitlements */ = {isa = PBXFileReference; lastKnownFileType = text.plist.entitlements; path = "ShieldConfiguration-Simulator.entitlements"; sourceTree = "<group>"; };
		/* ShieldAction extension */
		B40001 /* ShieldActionExtension.swift */ = {isa = PBXFileReference; lastKnownFileType = sourcecode.swift; path = ShieldActionExtension.swift; sourceTree = "<group>"; };
		B40002 /* Info.plist */                  = {isa = PBXFileReference; lastKnownFileType = text.plist.xml; path = Info.plist; sourceTree = "<group>"; };
		B40003 /* ShieldAction.entitlements */   = {isa = PBXFileReference; lastKnownFileType = text.plist.entitlements; path = ShieldAction.entitlements; sourceTree = "<group>"; };
		B40004 /* ShieldAction-Simulator.entitlements */ = {isa = PBXFileReference; lastKnownFileType = text.plist.entitlements; path = "ShieldAction-Simulator.entitlements"; sourceTree = "<group>"; };
		/* Products */
		C10000 /* ScreenTimeControl.app */         = {isa = PBXFileReference; explicitFileType = wrapper.application;    includeInIndex = 0; path = ScreenTimeControl.app;         sourceTree = BUILT_PRODUCTS_DIR; };
		C20000 /* DeviceActivityMonitor.appex */   = {isa = PBXFileReference; explicitFileType = "wrapper.app-extension"; includeInIndex = 0; path = DeviceActivityMonitor.appex;   sourceTree = BUILT_PRODUCTS_DIR; };
		C30000 /* ShieldConfiguration.appex */     = {isa = PBXFileReference; explicitFileType = "wrapper.app-extension"; includeInIndex = 0; path = ShieldConfiguration.appex;     sourceTree = BUILT_PRODUCTS_DIR; };
		C40000 /* ShieldAction.appex */            = {isa = PBXFileReference; explicitFileType = "wrapper.app-extension"; includeInIndex = 0; path = ShieldAction.appex;            sourceTree = BUILT_PRODUCTS_DIR; };
/* End PBXFileReference section */

/* Begin PBXFrameworksBuildPhase section */
		FW10001 /* Frameworks — ScreenTimeControl */        = {isa = PBXFrameworksBuildPhase; buildActionMask = 2147483647; files = (); runOnlyForDeploymentPostprocessing = 0; };
		FW20001 /* Frameworks — DeviceActivityMonitor */    = {isa = PBXFrameworksBuildPhase; buildActionMask = 2147483647; files = (); runOnlyForDeploymentPostprocessing = 0; };
		FW30001 /* Frameworks — ShieldConfiguration */      = {isa = PBXFrameworksBuildPhase; buildActionMask = 2147483647; files = (); runOnlyForDeploymentPostprocessing = 0; };
		FW40001 /* Frameworks — ShieldAction */             = {isa = PBXFrameworksBuildPhase; buildActionMask = 2147483647; files = (); runOnlyForDeploymentPostprocessing = 0; };
/* End PBXFrameworksBuildPhase section */

/* Begin PBXGroup section */
		G00000 /* root */ = {
			isa = PBXGroup;
			children = (
				G10000 /* ScreenTimeControl */,
				G20000 /* DeviceActivityMonitor */,
				G30000 /* ShieldConfiguration */,
				G40000 /* ShieldAction */,
				G50000 /* Products */,
			);
			sourceTree = "<group>";
		};
		G10000 /* ScreenTimeControl */ = {
			isa = PBXGroup;
			children = (
				G10001 /* App */,
				G10002 /* Models */,
				G10003 /* Services */,
				G10004 /* Views */,
				G10009 /* Extensions */,
				B10018 /* Assets.xcassets */,
				B10019 /* Info.plist */,
				B10020 /* ScreenTimeControl.entitlements */,
				B10021 /* ScreenTimeControl-Simulator.entitlements */,
			);
			path = ScreenTimeControl;
			sourceTree = "<group>";
		};
		G10001 /* App */ = {
			isa = PBXGroup;
			children = (
				B10001 /* ScreenTimeControlApp.swift */,
				B10002 /* TypeAliases.swift */,
			);
			path = App;
			sourceTree = "<group>";
		};
		G10002 /* Models */ = {
			isa = PBXGroup;
			children = (
				B10003 /* ScreenTimeSettings.swift */,
				B10004 /* DeviceInfo.swift */,
			);
			path = Models;
			sourceTree = "<group>";
		};
		G10003 /* Services */ = {
			isa = PBXGroup;
			children = (
				B10005 /* AuthorizationManager.swift */,
				B10006 /* ScreenTimeSettingsManager.swift */,
				B10007 /* RemoteSyncService.swift */,
				B10008 /* MockScreenTimeManager.swift */,
				B10022 /* FirebaseAuthService.swift */,
			);
			path = Services;
			sourceTree = "<group>";
		};
		G10004 /* Views */ = {
			isa = PBXGroup;
			children = (
				B10011 /* AuthorizationView.swift */,
				B10012 /* MainTabView.swift */,
				B10023 /* LoginView.swift */,
				G10010 /* Admin */,
				G10005 /* Dashboard */,
				G10006 /* AppPicker */,
				G10007 /* Schedule */,
				G10008 /* Settings */,
			);
			path = Views;
			sourceTree = "<group>";
		};
		G10010 /* Admin */ = {
			isa = PBXGroup;
			children = (
				B10024 /* AdminDashboardView.swift */,
			);
			path = Admin;
			sourceTree = "<group>";
		};
		G10005 /* Dashboard */ = {
			isa = PBXGroup;
			children = (
				B10013 /* DashboardView.swift */,
			);
			path = Dashboard;
			sourceTree = "<group>";
		};
		G10006 /* AppPicker */ = {
			isa = PBXGroup;
			children = (
				B10014 /* AppBlockingView.swift */,
			);
			path = AppPicker;
			sourceTree = "<group>";
		};
		G10007 /* Schedule */ = {
			isa = PBXGroup;
			children = (
				B10015 /* ScheduleView.swift */,
			);
			path = Schedule;
			sourceTree = "<group>";
		};
		G10008 /* Settings */ = {
			isa = PBXGroup;
			children = (
				B10016 /* RemoteControlView.swift */,
				B10017 /* SettingsView.swift */,
			);
			path = Settings;
			sourceTree = "<group>";
		};
		G10009 /* Extensions */ = {
			isa = PBXGroup;
			children = (
				B10009 /* SharedDefaults.swift */,
				B10010 /* Constants.swift */,
			);
			path = Extensions;
			sourceTree = "<group>";
		};
		G20000 /* DeviceActivityMonitor */ = {
			isa = PBXGroup;
			children = (
				B20001 /* DeviceActivityMonitorExtension.swift */,
				B20002 /* Info.plist */,
				B20003 /* DeviceActivityMonitor.entitlements */,
				B20004 /* DeviceActivityMonitor-Simulator.entitlements */,
			);
			path = DeviceActivityMonitor;
			sourceTree = "<group>";
		};
		G30000 /* ShieldConfiguration */ = {
			isa = PBXGroup;
			children = (
				B30001 /* ShieldConfigurationExtension.swift */,
				B30002 /* Info.plist */,
				B30003 /* ShieldConfiguration.entitlements */,
				B30004 /* ShieldConfiguration-Simulator.entitlements */,
			);
			path = ShieldConfiguration;
			sourceTree = "<group>";
		};
		G40000 /* ShieldAction */ = {
			isa = PBXGroup;
			children = (
				B40001 /* ShieldActionExtension.swift */,
				B40002 /* Info.plist */,
				B40003 /* ShieldAction.entitlements */,
				B40004 /* ShieldAction-Simulator.entitlements */,
			);
			path = ShieldAction;
			sourceTree = "<group>";
		};
		G50000 /* Products */ = {
			isa = PBXGroup;
			children = (
				C10000 /* ScreenTimeControl.app */,
				C20000 /* DeviceActivityMonitor.appex */,
				C30000 /* ShieldConfiguration.appex */,
				C40000 /* ShieldAction.appex */,
			);
			name = Products;
			sourceTree = "<group>";
		};
/* End PBXGroup section */

/* Begin PBXNativeTarget section */
		T10000 /* ScreenTimeControl */ = {
			isa = PBXNativeTarget;
			buildConfigurationList = X10000;
			buildPhases = (
				S10000 /* Sources */,
				FW10001 /* Frameworks */,
				R10000 /* Resources */,
				F10001 /* Embed Extensions */,
			);
			buildRules = ();
			dependencies = (
			);
			name = ScreenTimeControl;
			productName = ScreenTimeControl;
			productReference = C10000;
			productType = "com.apple.product-type.application";
		};
		T20000 /* DeviceActivityMonitor */ = {
			isa = PBXNativeTarget;
			buildConfigurationList = X20000;
			buildPhases = (
				S20000 /* Sources */,
				FW20001 /* Frameworks */,
			);
			buildRules = ();
			dependencies = ();
			name = DeviceActivityMonitor;
			productName = DeviceActivityMonitor;
			productReference = C20000;
			productType = "com.apple.product-type.app-extension";
		};
		T30000 /* ShieldConfiguration */ = {
			isa = PBXNativeTarget;
			buildConfigurationList = X30000;
			buildPhases = (
				S30000 /* Sources */,
				FW30001 /* Frameworks */,
			);
			buildRules = ();
			dependencies = ();
			name = ShieldConfiguration;
			productName = ShieldConfiguration;
			productReference = C30000;
			productType = "com.apple.product-type.app-extension";
		};
		T40000 /* ShieldAction */ = {
			isa = PBXNativeTarget;
			buildConfigurationList = X40000;
			buildPhases = (
				S40000 /* Sources */,
				FW40001 /* Frameworks */,
			);
			buildRules = ();
			dependencies = ();
			name = ShieldAction;
			productName = ShieldAction;
			productReference = C40000;
			productType = "com.apple.product-type.app-extension";
		};
/* End PBXNativeTarget section */

/* Begin PBXProject section */
		E10000 /* Project object */ = {
			isa = PBXProject;
			attributes = {
				BuildIndependentTargetsInParallel = 1;
				LastSwiftUpdateCheck = 1500;
				LastUpgradeCheck = 1500;
				TargetAttributes = {
					T10000 = { CreatedOnToolsVersion = 15.0; };
					T20000 = { CreatedOnToolsVersion = 15.0; };
					T30000 = { CreatedOnToolsVersion = 15.0; };
					T40000 = { CreatedOnToolsVersion = 15.0; };
				};
			};
			buildConfigurationList = X00000;
			compatibilityVersion = "Xcode 14.0";
			developmentRegion = en;
			hasScannedForEncodings = 0;
			knownRegions = (en, Base);
			mainGroup = G00000;
			productRefGroup = G50000;
			projectDirPath = "";
			projectRoot = "";
			targets = (
				T10000 /* ScreenTimeControl */,
				T20000 /* DeviceActivityMonitor */,
				T30000 /* ShieldConfiguration */,
				T40000 /* ShieldAction */,
			);
		};
/* End PBXProject section */

/* Begin PBXResourcesBuildPhase section */
		R10000 /* Resources — ScreenTimeControl */ = {
			isa = PBXResourcesBuildPhase;
			buildActionMask = 2147483647;
			files = (
				A10018 /* Assets.xcassets in Resources */,
			);
			runOnlyForDeploymentPostprocessing = 0;
		};
/* End PBXResourcesBuildPhase section */

/* Begin PBXSourcesBuildPhase section */
		S10000 /* Sources — ScreenTimeControl */ = {
			isa = PBXSourcesBuildPhase;
			buildActionMask = 2147483647;
			files = (
				A10001 /* ScreenTimeControlApp.swift */,
				A10002 /* TypeAliases.swift */,
				A10003 /* ScreenTimeSettings.swift */,
				A10004 /* DeviceInfo.swift */,
				A10005 /* AuthorizationManager.swift */,
				A10006 /* ScreenTimeSettingsManager.swift */,
				A10007 /* RemoteSyncService.swift */,
				A10008 /* MockScreenTimeManager.swift */,
				A10009 /* SharedDefaults.swift */,
				A10010 /* Constants.swift */,
				A10011 /* AuthorizationView.swift */,
				A10012 /* MainTabView.swift */,
				A10013 /* DashboardView.swift */,
				A10014 /* AppBlockingView.swift */,
				A10015 /* ScheduleView.swift */,
				A10016 /* RemoteControlView.swift */,
				A10017 /* SettingsView.swift */,
				A10022 /* FirebaseAuthService.swift */,
				A10023 /* LoginView.swift */,
				A10024 /* AdminDashboardView.swift */,
			);
			runOnlyForDeploymentPostprocessing = 0;
		};
		S20000 /* Sources — DeviceActivityMonitor */ = {
			isa = PBXSourcesBuildPhase;
			buildActionMask = 2147483647;
			files = (
				A20001 /* DeviceActivityMonitorExtension.swift */,
			);
			runOnlyForDeploymentPostprocessing = 0;
		};
		S30000 /* Sources — ShieldConfiguration */ = {
			isa = PBXSourcesBuildPhase;
			buildActionMask = 2147483647;
			files = (
				A30001 /* ShieldConfigurationExtension.swift */,
			);
			runOnlyForDeploymentPostprocessing = 0;
		};
		S40000 /* Sources — ShieldAction */ = {
			isa = PBXSourcesBuildPhase;
			buildActionMask = 2147483647;
			files = (
				A40001 /* ShieldActionExtension.swift */,
			);
			runOnlyForDeploymentPostprocessing = 0;
		};
/* End PBXSourcesBuildPhase section */

/* Begin PBXTargetDependency section */
		TD20001 /* DeviceActivityMonitor dependency */ = {
			isa = PBXTargetDependency;
			target = T20000;
			targetProxy = PR20001;
		};
		TD30001 /* ShieldConfiguration dependency */ = {
			isa = PBXTargetDependency;
			target = T30000;
			targetProxy = PR30001;
		};
		TD40001 /* ShieldAction dependency */ = {
			isa = PBXTargetDependency;
			target = T40000;
			targetProxy = PR40001;
		};
/* End PBXTargetDependency section */

/* Begin XCBuildConfiguration section */
		XC0001 /* Debug — Project */ = {
			isa = XCBuildConfiguration;
			buildSettings = {
				ALWAYS_SEARCH_USER_PATHS = NO;
				CLANG_ANALYZER_NONNULL = YES;
				CLANG_CXX_LANGUAGE_STANDARD = "gnu++20";
				CLANG_ENABLE_MODULES = YES;
				CLANG_ENABLE_OBJC_ARC = YES;
				COPY_PHASE_STRIP = NO;
				DEBUG_INFORMATION_FORMAT = dwarf;
				ENABLE_STRICT_OBJC_MSGSEND = YES;
				ENABLE_TESTABILITY = YES;
				GCC_DYNAMIC_NO_PIC = NO;
				GCC_OPTIMIZATION_LEVEL = 0;
				GCC_PREPROCESSOR_DEFINITIONS = ("DEBUG=1", "$(inherited)");
				GCC_WARN_ABOUT_RETURN_TYPE = YES_ERROR;
				GCC_WARN_UNINITIALIZED_AUTOS = YES_AGGRESSIVE;
				GCC_WARN_UNUSED_FUNCTION = YES;
				GCC_WARN_UNUSED_VARIABLE = YES;
				IPHONEOS_DEPLOYMENT_TARGET = 16.0;
				MTL_ENABLE_DEBUG_INFO = INCLUDE_SOURCE;
				MTL_FAST_MATH = YES;
				ONLY_ACTIVE_ARCH = YES;
				SDKROOT = iphoneos;
				SWIFT_ACTIVE_COMPILATION_CONDITIONS = "DEBUG $(inherited)";
				SWIFT_OPTIMIZATION_LEVEL = "-Onone";
				SWIFT_VERSION = 5.0;
			};
			name = Debug;
		};
		XC0002 /* Release — Project */ = {
			isa = XCBuildConfiguration;
			buildSettings = {
				ALWAYS_SEARCH_USER_PATHS = NO;
				CLANG_ANALYZER_NONNULL = YES;
				CLANG_CXX_LANGUAGE_STANDARD = "gnu++20";
				CLANG_ENABLE_MODULES = YES;
				CLANG_ENABLE_OBJC_ARC = YES;
				COPY_PHASE_STRIP = NO;
				DEBUG_INFORMATION_FORMAT = "dwarf-with-dsym";
				ENABLE_NS_ASSERTIONS = NO;
				ENABLE_STRICT_OBJC_MSGSEND = YES;
				GCC_WARN_ABOUT_RETURN_TYPE = YES_ERROR;
				GCC_WARN_UNINITIALIZED_AUTOS = YES_AGGRESSIVE;
				GCC_WARN_UNUSED_FUNCTION = YES;
				GCC_WARN_UNUSED_VARIABLE = YES;
				IPHONEOS_DEPLOYMENT_TARGET = 16.0;
				MTL_FAST_MATH = YES;
				SDKROOT = iphoneos;
				SWIFT_COMPILATION_MODE = wholemodule;
				SWIFT_VERSION = 5.0;
				VALIDATE_PRODUCT = YES;
			};
			name = Release;
		};
		XC1001 /* Debug — ScreenTimeControl */ = {
			isa = XCBuildConfiguration;
			buildSettings = {
				ASSETCATALOG_COMPILER_APPICON_NAME = AppIcon;
				ASSETCATALOG_COMPILER_GLOBAL_ACCENT_COLOR_NAME = AccentColor;
				CODE_SIGN_ENTITLEMENTS = ScreenTimeControl/ScreenTimeControl.entitlements;
				"CODE_SIGN_ENTITLEMENTS[sdk=iphonesimulator*]" = "ScreenTimeControl/ScreenTimeControl-Simulator.entitlements";
				CODE_SIGN_STYLE = Automatic;
				CURRENT_PROJECT_VERSION = 1;
				INFOPLIST_FILE = ScreenTimeControl/Info.plist;
				LD_RUNPATH_SEARCH_PATHS = ("$(inherited)", "@executable_path/Frameworks");
				MARKETING_VERSION = 1.0;
				PRODUCT_BUNDLE_IDENTIFIER = com.abbrachfeld.screentimecontrolabbrach;
				PRODUCT_NAME = "$(TARGET_NAME)";
				SWIFT_EMIT_LOC_STRINGS = YES;
				TARGETED_DEVICE_FAMILY = "1";
			};
			name = Debug;
		};
		XC1002 /* Release — ScreenTimeControl */ = {
			isa = XCBuildConfiguration;
			buildSettings = {
				ASSETCATALOG_COMPILER_APPICON_NAME = AppIcon;
				ASSETCATALOG_COMPILER_GLOBAL_ACCENT_COLOR_NAME = AccentColor;
				CODE_SIGN_ENTITLEMENTS = ScreenTimeControl/ScreenTimeControl.entitlements;
				"CODE_SIGN_ENTITLEMENTS[sdk=iphonesimulator*]" = "ScreenTimeControl/ScreenTimeControl-Simulator.entitlements";
				CODE_SIGN_STYLE = Automatic;
				CURRENT_PROJECT_VERSION = 1;
				INFOPLIST_FILE = ScreenTimeControl/Info.plist;
				LD_RUNPATH_SEARCH_PATHS = ("$(inherited)", "@executable_path/Frameworks");
				MARKETING_VERSION = 1.0;
				PRODUCT_BUNDLE_IDENTIFIER = com.abbrachfeld.screentimecontrolabbrach;
				PRODUCT_NAME = "$(TARGET_NAME)";
				SWIFT_EMIT_LOC_STRINGS = YES;
				TARGETED_DEVICE_FAMILY = "1";
			};
			name = Release;
		};
		XC2001 /* Debug — DeviceActivityMonitor */ = {
			isa = XCBuildConfiguration;
			buildSettings = {
				CODE_SIGN_ENTITLEMENTS = DeviceActivityMonitor/DeviceActivityMonitor.entitlements;
				"CODE_SIGN_ENTITLEMENTS[sdk=iphonesimulator*]" = "DeviceActivityMonitor/DeviceActivityMonitor-Simulator.entitlements";
				CODE_SIGN_STYLE = Automatic;
				CURRENT_PROJECT_VERSION = 1;
				INFOPLIST_FILE = DeviceActivityMonitor/Info.plist;
				LD_RUNPATH_SEARCH_PATHS = ("$(inherited)", "@executable_path/Frameworks", "@executable_path/../../Frameworks");
				MARKETING_VERSION = 1.0;
				PRODUCT_BUNDLE_IDENTIFIER = com.abbrachfeld.screentimecontrolabbrach.activity-monitor;
				PRODUCT_NAME = "$(TARGET_NAME)";
				SKIP_INSTALL = YES;
				SWIFT_EMIT_LOC_STRINGS = YES;
				SWIFT_STRICT_CONCURRENCY = minimal;
				SWIFT_VERSION = 5;
				TARGETED_DEVICE_FAMILY = "1";
			};
			name = Debug;
		};
		XC2002 /* Release — DeviceActivityMonitor */ = {
			isa = XCBuildConfiguration;
			buildSettings = {
				CODE_SIGN_ENTITLEMENTS = DeviceActivityMonitor/DeviceActivityMonitor.entitlements;
				"CODE_SIGN_ENTITLEMENTS[sdk=iphonesimulator*]" = "DeviceActivityMonitor/DeviceActivityMonitor-Simulator.entitlements";
				CODE_SIGN_STYLE = Automatic;
				CURRENT_PROJECT_VERSION = 1;
				INFOPLIST_FILE = DeviceActivityMonitor/Info.plist;
				LD_RUNPATH_SEARCH_PATHS = ("$(inherited)", "@executable_path/Frameworks", "@executable_path/../../Frameworks");
				MARKETING_VERSION = 1.0;
				PRODUCT_BUNDLE_IDENTIFIER = com.abbrachfeld.screentimecontrolabbrach.activity-monitor;
				PRODUCT_NAME = "$(TARGET_NAME)";
				SKIP_INSTALL = YES;
				SWIFT_EMIT_LOC_STRINGS = YES;
				SWIFT_STRICT_CONCURRENCY = minimal;
				SWIFT_VERSION = 5;
				TARGETED_DEVICE_FAMILY = "1";
			};
			name = Release;
		};
		XC3001 /* Debug — ShieldConfiguration */ = {
			isa = XCBuildConfiguration;
			buildSettings = {
				CODE_SIGN_ENTITLEMENTS = ShieldConfiguration/ShieldConfiguration.entitlements;
				"CODE_SIGN_ENTITLEMENTS[sdk=iphonesimulator*]" = "ShieldConfiguration/ShieldConfiguration-Simulator.entitlements";
				CODE_SIGN_STYLE = Automatic;
				CURRENT_PROJECT_VERSION = 1;
				INFOPLIST_FILE = ShieldConfiguration/Info.plist;
				LD_RUNPATH_SEARCH_PATHS = ("$(inherited)", "@executable_path/Frameworks", "@executable_path/../../Frameworks");
				MARKETING_VERSION = 1.0;
				PRODUCT_BUNDLE_IDENTIFIER = com.abbrachfeld.screentimecontrolabbrach.shield-config;
				PRODUCT_NAME = "$(TARGET_NAME)";
				SKIP_INSTALL = YES;
				SWIFT_EMIT_LOC_STRINGS = YES;
				SWIFT_STRICT_CONCURRENCY = minimal;
				SWIFT_VERSION = 5;
				TARGETED_DEVICE_FAMILY = "1";
			};
			name = Debug;
		};
		XC3002 /* Release — ShieldConfiguration */ = {
			isa = XCBuildConfiguration;
			buildSettings = {
				CODE_SIGN_ENTITLEMENTS = ShieldConfiguration/ShieldConfiguration.entitlements;
				"CODE_SIGN_ENTITLEMENTS[sdk=iphonesimulator*]" = "ShieldConfiguration/ShieldConfiguration-Simulator.entitlements";
				CODE_SIGN_STYLE = Automatic;
				CURRENT_PROJECT_VERSION = 1;
				INFOPLIST_FILE = ShieldConfiguration/Info.plist;
				LD_RUNPATH_SEARCH_PATHS = ("$(inherited)", "@executable_path/Frameworks", "@executable_path/../../Frameworks");
				MARKETING_VERSION = 1.0;
				PRODUCT_BUNDLE_IDENTIFIER = com.abbrachfeld.screentimecontrolabbrach.shield-config;
				PRODUCT_NAME = "$(TARGET_NAME)";
				SKIP_INSTALL = YES;
				SWIFT_EMIT_LOC_STRINGS = YES;
				SWIFT_STRICT_CONCURRENCY = minimal;
				SWIFT_VERSION = 5;
				TARGETED_DEVICE_FAMILY = "1";
			};
			name = Release;
		};
		XC4001 /* Debug — ShieldAction */ = {
			isa = XCBuildConfiguration;
			buildSettings = {
				CODE_SIGN_ENTITLEMENTS = ShieldAction/ShieldAction.entitlements;
				"CODE_SIGN_ENTITLEMENTS[sdk=iphonesimulator*]" = "ShieldAction/ShieldAction-Simulator.entitlements";
				CODE_SIGN_STYLE = Automatic;
				CURRENT_PROJECT_VERSION = 1;
				INFOPLIST_FILE = ShieldAction/Info.plist;
				LD_RUNPATH_SEARCH_PATHS = ("$(inherited)", "@executable_path/Frameworks", "@executable_path/../../Frameworks");
				MARKETING_VERSION = 1.0;
				PRODUCT_BUNDLE_IDENTIFIER = com.abbrachfeld.screentimecontrolabbrach.shield-action;
				PRODUCT_NAME = "$(TARGET_NAME)";
				SKIP_INSTALL = YES;
				SWIFT_EMIT_LOC_STRINGS = YES;
				SWIFT_STRICT_CONCURRENCY = minimal;
				SWIFT_VERSION = 5;
				TARGETED_DEVICE_FAMILY = "1";
			};
			name = Debug;
		};
		XC4002 /* Release — ShieldAction */ = {
			isa = XCBuildConfiguration;
			buildSettings = {
				CODE_SIGN_ENTITLEMENTS = ShieldAction/ShieldAction.entitlements;
				"CODE_SIGN_ENTITLEMENTS[sdk=iphonesimulator*]" = "ShieldAction/ShieldAction-Simulator.entitlements";
				CODE_SIGN_STYLE = Automatic;
				CURRENT_PROJECT_VERSION = 1;
				INFOPLIST_FILE = ShieldAction/Info.plist;
				LD_RUNPATH_SEARCH_PATHS = ("$(inherited)", "@executable_path/Frameworks", "@executable_path/../../Frameworks");
				MARKETING_VERSION = 1.0;
				PRODUCT_BUNDLE_IDENTIFIER = com.abbrachfeld.screentimecontrolabbrach.shield-action;
				PRODUCT_NAME = "$(TARGET_NAME)";
				SKIP_INSTALL = YES;
				SWIFT_EMIT_LOC_STRINGS = YES;
				SWIFT_STRICT_CONCURRENCY = minimal;
				SWIFT_VERSION = 5;
				TARGETED_DEVICE_FAMILY = "1";
			};
			name = Release;
		};
/* End XCBuildConfiguration section */

/* Begin XCConfigurationList section */
		X00000 /* Build configuration list for PBXProject */ = {
			isa = XCConfigurationList;
			buildConfigurations = (XC0001 /* Debug */, XC0002 /* Release */);
			defaultConfigurationIsVisible = 0;
			defaultConfigurationName = Release;
		};
		X10000 /* Build configuration list for ScreenTimeControl */ = {
			isa = XCConfigurationList;
			buildConfigurations = (XC1001 /* Debug */, XC1002 /* Release */);
			defaultConfigurationIsVisible = 0;
			defaultConfigurationName = Release;
		};
		X20000 /* Build configuration list for DeviceActivityMonitor */ = {
			isa = XCConfigurationList;
			buildConfigurations = (XC2001 /* Debug */, XC2002 /* Release */);
			defaultConfigurationIsVisible = 0;
			defaultConfigurationName = Release;
		};
		X30000 /* Build configuration list for ShieldConfiguration */ = {
			isa = XCConfigurationList;
			buildConfigurations = (XC3001 /* Debug */, XC3002 /* Release */);
			defaultConfigurationIsVisible = 0;
			defaultConfigurationName = Release;
		};
		X40000 /* Build configuration list for ShieldAction */ = {
			isa = XCConfigurationList;
			buildConfigurations = (XC4001 /* Debug */, XC4002 /* Release */);
			defaultConfigurationIsVisible = 0;
			defaultConfigurationName = Release;
		};
/* End XCConfigurationList section */

	};
	rootObject = E10000 /* Project object */;
}
